# THIS IS AN AUTOGENERATED FILE. DO NOT EDIT THIS FILE DIRECTLY.
# yarn lockfile v1


"@esbuild/aix-ppc64@0.25.12":
  version "0.25.12"
  resolved "https://registry.yarnpkg.com/@esbuild/aix-ppc64/-/aix-ppc64-0.25.12.tgz#80fcbe36130e58b7670511e888b8e88a259ed76c"
  integrity sha512-Hhmwd6CInZ3dwpuGTF8fJG6yoWmsToE+vYgD4nytZVxcu1ulHpUQRAB1UJ8+N1Am3Mz4+xOByoQoSZf4D+CpkA==

"@esbuild/android-arm64@0.25.12":
  version "0.25.12"
  resolved "https://registry.yarnpkg.com/@esbuild/android-arm64/-/android-arm64-0.25.12.tgz#8aa4965f8d0a7982dc21734bf6601323a66da752"
  integrity sha512-6AAmLG7zwD1Z159jCKPvAxZd4y/VTO0VkprYy+3N2FtJ8+BQWFXU+OxARIwA46c5tdD9SsKGZ/1ocqBS/gAKHg==

"@esbuild/android-arm@0.25.12":
  version "0.25.12"
  resolved "https://registry.yarnpkg.com/@esbuild/android-arm/-/android-arm-0.25.12.tgz#300712101f7f50f1d2627a162e6e09b109b6767a"
  integrity sha512-VJ+sKvNA/GE7Ccacc9Cha7bpS8nyzVv0jdVgwNDaR4gDMC/2TTRc33Ip8qrNYUcpkOHUT5OZ0bUcNNVZQ9RLlg==

"@esbuild/android-x64@0.25.12":
  version "0.25.12"
  resolved "https://registry.yarnpkg.com/@esbuild/android-x64/-/android-x64-0.25.12.tgz#87dfb27161202bdc958ef48bb61b09c758faee16"
  integrity sha512-5jbb+2hhDHx5phYR2By8GTWEzn6I9UqR11Kwf22iKbNpYrsmRB18aX/9ivc5cabcUiAT/wM+YIZ6SG9QO6a8kg==

"@esbuild/darwin-arm64@0.25.12":
  version "0.25.12"
  resolved "https://registry.yarnpkg.com/@esbuild/darwin-arm64/-/darwin-arm64-0.25.12.tgz#79197898ec1ff745d21c071e1c7cc3c802f0c1fd"
  integrity sha512-N3zl+lxHCifgIlcMUP5016ESkeQjLj/959RxxNYIthIg+CQHInujFuXeWbWMgnTo4cp5XVHqFPmpyu9J65C1Yg==

"@esbuild/darwin-x64@0.25.12":
  version "0.25.12"
  resolved "https://registry.yarnpkg.com/@esbuild/darwin-x64/-/darwin-x64-0.25.12.tgz#146400a8562133f45c4d2eadcf37ddd09718079e"
  integrity sha512-HQ9ka4Kx21qHXwtlTUVbKJOAnmG1ipXhdWTmNXiPzPfWKpXqASVcWdnf2bnL73wgjNrFXAa3yYvBSd9pzfEIpA==

"@esbuild/freebsd-arm64@0.25.12":
  version "0.25.12"
  resolved "https://registry.yarnpkg.com/@esbuild/freebsd-arm64/-/freebsd-arm64-0.25.12.tgz#1c5f9ba7206e158fd2b24c59fa2d2c8bb47ca0fe"
  integrity sha512-gA0Bx759+7Jve03K1S0vkOu5Lg/85dou3EseOGUes8flVOGxbhDDh/iZaoek11Y8mtyKPGF3vP8XhnkDEAmzeg==

"@esbuild/freebsd-x64@0.25.12":
  version "0.25.12"
  resolved "https://registry.yarnpkg.com/@esbuild/freebsd-x64/-/freebsd-x64-0.25.12.tgz#ea631f4a36beaac4b9279fa0fcc6ca29eaeeb2b3"
  integrity sha512-TGbO26Yw2xsHzxtbVFGEXBFH0FRAP7gtcPE7P5yP7wGy7cXK2oO7RyOhL5NLiqTlBh47XhmIUXuGciXEqYFfBQ==

"@esbuild/linux-arm64@0.25.12":
  version "0.25.12"
  resolved "https://registry.yarnpkg.com/@esbuild/linux-arm64/-/linux-arm64-0.25.12.tgz#e1066bce58394f1b1141deec8557a5f0a22f5977"
  integrity sha512-8bwX7a8FghIgrupcxb4aUmYDLp8pX06rGh5HqDT7bB+8Rdells6mHvrFHHW2JAOPZUbnjUpKTLg6ECyzvas2AQ==

"@esbuild/linux-arm@0.25.12":
  version "0.25.12"
  resolved "https://registry.yarnpkg.com/@esbuild/linux-arm/-/linux-arm-0.25.12.tgz#452cd66b20932d08bdc53a8b61c0e30baf4348b9"
  integrity sha512-lPDGyC1JPDou8kGcywY0YILzWlhhnRjdof3UlcoqYmS9El818LLfJJc3PXXgZHrHCAKs/Z2SeZtDJr5MrkxtOw==

"@esbuild/linux-ia32@0.25.12":
  version "0.25.12"
  resolved "https://registry.yarnpkg.com/@esbuild/linux-ia32/-/linux-ia32-0.25.12.tgz#b24f8acc45bcf54192c7f2f3be1b53e6551eafe0"
  integrity sha512-0y9KrdVnbMM2/vG8KfU0byhUN+EFCny9+8g202gYqSSVMonbsCfLjUO+rCci7pM0WBEtz+oK/PIwHkzxkyharA==

"@esbuild/linux-loong64@0.25.12":
  version "0.25.12"
  resolved "https://registry.yarnpkg.com/@esbuild/linux-loong64/-/linux-loong64-0.25.12.tgz#f9cfffa7fc8322571fbc4c8b3268caf15bd81ad0"
  integrity sha512-h///Lr5a9rib/v1GGqXVGzjL4TMvVTv+s1DPoxQdz7l/AYv6LDSxdIwzxkrPW438oUXiDtwM10o9PmwS/6Z0Ng==

"@esbuild/linux-mips64el@0.25.12":
  version "0.25.12"
  resolved "https://registry.yarnpkg.com/@esbuild/linux-mips64el/-/linux-mips64el-0.25.12.tgz#575a14bd74644ffab891adc7d7e60d275296f2cd"
  integrity sha512-iyRrM1Pzy9GFMDLsXn1iHUm18nhKnNMWscjmp4+hpafcZjrr2WbT//d20xaGljXDBYHqRcl8HnxbX6uaA/eGVw==

"@esbuild/linux-ppc64@0.25.12":
  version "0.25.12"
  resolved "https://registry.yarnpkg.com/@esbuild/linux-ppc64/-/linux-ppc64-0.25.12.tgz#75b99c70a95fbd5f7739d7692befe60601591869"
  integrity sha512-9meM/lRXxMi5PSUqEXRCtVjEZBGwB7P/D4yT8UG/mwIdze2aV4Vo6U5gD3+RsoHXKkHCfSxZKzmDssVlRj1QQA==

"@esbuild/linux-riscv64@0.25.12":
  version "0.25.12"
  resolved "https://registry.yarnpkg.com/@esbuild/linux-riscv64/-/linux-riscv64-0.25.12.tgz#2e3259440321a44e79ddf7535c325057da875cd6"
  integrity sha512-Zr7KR4hgKUpWAwb1f3o5ygT04MzqVrGEGXGLnj15YQDJErYu/BGg+wmFlIDOdJp0PmB0lLvxFIOXZgFRrdjR0w==

"@esbuild/linux-s390x@0.25.12":
  version "0.25.12"
  resolved "https://registry.yarnpkg.com/@esbuild/linux-s390x/-/linux-s390x-0.25.12.tgz#17676cabbfe5928da5b2a0d6df5d58cd08db2663"
  integrity sha512-MsKncOcgTNvdtiISc/jZs/Zf8d0cl/t3gYWX8J9ubBnVOwlk65UIEEvgBORTiljloIWnBzLs4qhzPkJcitIzIg==

"@esbuild/linux-x64@0.25.12":
  version "0.25.12"
  resolved "https://registry.yarnpkg.com/@esbuild/linux-x64/-/linux-x64-0.25.12.tgz#0583775685ca82066d04c3507f09524d3cd7a306"
  integrity sha512-uqZMTLr/zR/ed4jIGnwSLkaHmPjOjJvnm6TVVitAa08SLS9Z0VM8wIRx7gWbJB5/J54YuIMInDquWyYvQLZkgw==

"@esbuild/netbsd-arm64@0.25.12":
  version "0.25.12"
  resolved "https://registry.yarnpkg.com/@esbuild/netbsd-arm64/-/netbsd-arm64-0.25.12.tgz#f04c4049cb2e252fe96b16fed90f70746b13f4a4"
  integrity sha512-xXwcTq4GhRM7J9A8Gv5boanHhRa/Q9KLVmcyXHCTaM4wKfIpWkdXiMog/KsnxzJ0A1+nD+zoecuzqPmCRyBGjg==

"@esbuild/netbsd-x64@0.25.12":
  version "0.25.12"
  resolved "https://registry.yarnpkg.com/@esbuild/netbsd-x64/-/netbsd-x64-0.25.12.tgz#77da0d0a0d826d7c921eea3d40292548b258a076"
  integrity sha512-Ld5pTlzPy3YwGec4OuHh1aCVCRvOXdH8DgRjfDy/oumVovmuSzWfnSJg+VtakB9Cm0gxNO9BzWkj6mtO1FMXkQ==

"@esbuild/openbsd-arm64@0.25.12":
  version "0.25.12"
  resolved "https://registry.yarnpkg.com/@esbuild/openbsd-arm64/-/openbsd-arm64-0.25.12.tgz#6296f5867aedef28a81b22ab2009c786a952dccd"
  integrity sha512-fF96T6KsBo/pkQI950FARU9apGNTSlZGsv1jZBAlcLL1MLjLNIWPBkj5NlSz8aAzYKg+eNqknrUJ24QBybeR5A==

"@esbuild/openbsd-x64@0.25.12":
  version "0.25.12"
  resolved "https://registry.yarnpkg.com/@esbuild/openbsd-x64/-/openbsd-x64-0.25.12.tgz#f8d23303360e27b16cf065b23bbff43c14142679"
  integrity sha512-MZyXUkZHjQxUvzK7rN8DJ3SRmrVrke8ZyRusHlP+kuwqTcfWLyqMOE3sScPPyeIXN/mDJIfGXvcMqCgYKekoQw==

"@esbuild/openharmony-arm64@0.25.12":
  version "0.25.12"
  resolved "https://registry.yarnpkg.com/@esbuild/openharmony-arm64/-/openharmony-arm64-0.25.12.tgz#49e0b768744a3924be0d7fd97dd6ce9b2923d88d"
  integrity sha512-rm0YWsqUSRrjncSXGA7Zv78Nbnw4XL6/dzr20cyrQf7ZmRcsovpcRBdhD43Nuk3y7XIoW2OxMVvwuRvk9XdASg==

"@esbuild/sunos-x64@0.25.12":
  version "0.25.12"
  resolved "https://registry.yarnpkg.com/@esbuild/sunos-x64/-/sunos-x64-0.25.12.tgz#a6ed7d6778d67e528c81fb165b23f4911b9b13d6"
  integrity sha512-3wGSCDyuTHQUzt0nV7bocDy72r2lI33QL3gkDNGkod22EsYl04sMf0qLb8luNKTOmgF/eDEDP5BFNwoBKH441w==

"@esbuild/win32-arm64@0.25.12":
  version "0.25.12"
  resolved "https://registry.yarnpkg.com/@esbuild/win32-arm64/-/win32-arm64-0.25.12.tgz#9ac14c378e1b653af17d08e7d3ce34caef587323"
  integrity sha512-rMmLrur64A7+DKlnSuwqUdRKyd3UE7oPJZmnljqEptesKM8wx9J8gx5u0+9Pq0fQQW8vqeKebwNXdfOyP+8Bsg==

"@esbuild/win32-ia32@0.25.12":
  version "0.25.12"
  resolved "https://registry.yarnpkg.com/@esbuild/win32-ia32/-/win32-ia32-0.25.12.tgz#918942dcbbb35cc14fca39afb91b5e6a3d127267"
  integrity sha512-HkqnmmBoCbCwxUKKNPBixiWDGCpQGVsrQfJoVGYLPT41XWF8lHuE5N6WhVia2n4o5QK5M4tYr21827fNhi4byQ==

"@esbuild/win32-x64@0.25.12":
  version "0.25.12"
  resolved "https://registry.yarnpkg.com/@esbuild/win32-x64/-/win32-x64-0.25.12.tgz#9bdad8176be7811ad148d1f8772359041f46c6c5"
  integrity sha512-alJC0uCZpTFrSL0CCDjcgleBXPnCrEAhTBILpeAp7M/OFgoqtAetfBzX0xM00MUsVVPpVjlPuMbREqnZCXaTnA==

"@parcel/watcher-android-arm64@2.5.0":
  version "2.5.0"
  resolved "https://registry.yarnpkg.com/@parcel/watcher-android-arm64/-/watcher-android-arm64-2.5.0.tgz#e32d3dda6647791ee930556aee206fcd5ea0fb7a"
  integrity sha512-qlX4eS28bUcQCdribHkg/herLe+0A9RyYC+mm2PXpncit8z5b3nSqGVzMNR3CmtAOgRutiZ02eIJJgP/b1iEFQ==

"@parcel/watcher-darwin-arm64@2.5.0":
  version "2.5.0"
  resolved "https://registry.yarnpkg.com/@parcel/watcher-darwin-arm64/-/watcher-darwin-arm64-2.5.0.tgz#0d9e680b7e9ec1c8f54944f1b945aa8755afb12f"
  integrity sha512-hyZ3TANnzGfLpRA2s/4U1kbw2ZI4qGxaRJbBH2DCSREFfubMswheh8TeiC1sGZ3z2jUf3s37P0BBlrD3sjVTUw==

"@parcel/watcher-darwin-x64@2.5.0":
  version "2.5.0"
  resolved "https://registry.yarnpkg.com/@parcel/watcher-darwin-x64/-/watcher-darwin-x64-2.5.0.tgz#f9f1d5ce9d5878d344f14ef1856b7a830c59d1bb"
  integrity sha512-9rhlwd78saKf18fT869/poydQK8YqlU26TMiNg7AIu7eBp9adqbJZqmdFOsbZ5cnLp5XvRo9wcFmNHgHdWaGYA==

"@parcel/watcher-freebsd-x64@2.5.0":
  version "2.5.0"
  resolved "https://registry.yarnpkg.com/@parcel/watcher-freebsd-x64/-/watcher-freebsd-x64-2.5.0.tgz#2b77f0c82d19e84ff4c21de6da7f7d096b1a7e82"
  integrity sha512-syvfhZzyM8kErg3VF0xpV8dixJ+RzbUaaGaeb7uDuz0D3FK97/mZ5AJQ3XNnDsXX7KkFNtyQyFrXZzQIcN49Tw==

"@parcel/watcher-linux-arm-glibc@2.5.0":
  version "2.5.0"
  resolved "https://registry.yarnpkg.com/@parcel/watcher-linux-arm-glibc/-/watcher-linux-arm-glibc-2.5.0.tgz#92ed322c56dbafa3d2545dcf2803334aee131e42"
  integrity sha512-0VQY1K35DQET3dVYWpOaPFecqOT9dbuCfzjxoQyif1Wc574t3kOSkKevULddcR9znz1TcklCE7Ht6NIxjvTqLA==

"@parcel/watcher-linux-arm-musl@2.5.0":
  version "2.5.0"
  resolved "https://registry.yarnpkg.com/@parcel/watcher-linux-arm-musl/-/watcher-linux-arm-musl-2.5.0.tgz#cd48e9bfde0cdbbd2ecd9accfc52967e22f849a4"
  integrity sha512-6uHywSIzz8+vi2lAzFeltnYbdHsDm3iIB57d4g5oaB9vKwjb6N6dRIgZMujw4nm5r6v9/BQH0noq6DzHrqr2pA==

"@parcel/watcher-linux-arm64-glibc@2.5.0":
  version "2.5.0"
  resolved "https://registry.yarnpkg.com/@parcel/watcher-linux-arm64-glibc/-/watcher-linux-arm64-glibc-2.5.0.tgz#7b81f6d5a442bb89fbabaf6c13573e94a46feb03"
  integrity sha512-BfNjXwZKxBy4WibDb/LDCriWSKLz+jJRL3cM/DllnHH5QUyoiUNEp3GmL80ZqxeumoADfCCP19+qiYiC8gUBjA==

"@parcel/watcher-linux-arm64-musl@2.5.0":
  version "2.5.0"
  resolved "https://registry.yarnpkg.com/@parcel/watcher-linux-arm64-musl/-/watcher-linux-arm64-musl-2.5.0.tgz#dcb8ff01077cdf59a18d9e0a4dff7a0cfe5fd732"
  integrity sha512-S1qARKOphxfiBEkwLUbHjCY9BWPdWnW9j7f7Hb2jPplu8UZ3nes7zpPOW9bkLbHRvWM0WDTsjdOTUgW0xLBN1Q==

"@parcel/watcher-linux-x64-glibc@2.5.0":
  version "2.5.0"
  resolved "https://registry.yarnpkg.com/@parcel/watcher-linux-x64-glibc/-/watcher-linux-x64-glibc-2.5.0.tgz#2e254600fda4e32d83942384d1106e1eed84494d"
  integrity sha512-d9AOkusyXARkFD66S6zlGXyzx5RvY+chTP9Jp0ypSTC9d4lzyRs9ovGf/80VCxjKddcUvnsGwCHWuF2EoPgWjw==

"@parcel/watcher-linux-x64-musl@2.5.0":
  version "2.5.0"
  resolved "https://registry.yarnpkg.com/@parcel/watcher-linux-x64-musl/-/watcher-linux-x64-musl-2.5.0.tgz#01fcea60fedbb3225af808d3f0a7b11229792eef"
  integrity sha512-iqOC+GoTDoFyk/VYSFHwjHhYrk8bljW6zOhPuhi5t9ulqiYq1togGJB5e3PwYVFFfeVgc6pbz3JdQyDoBszVaA==

"@parcel/watcher-win32-arm64@2.5.0":
  version "2.5.0"
  resolved "https://registry.yarnpkg.com/@parcel/watcher-win32-arm64/-/watcher-win32-arm64-2.5.0.tgz#87cdb16e0783e770197e52fb1dc027bb0c847154"
  integrity sha512-twtft1d+JRNkM5YbmexfcH/N4znDtjgysFaV9zvZmmJezQsKpkfLYJ+JFV3uygugK6AtIM2oADPkB2AdhBrNig==

"@parcel/watcher-win32-ia32@2.5.0":
  version "2.5.0"
  resolved "https://registry.yarnpkg.com/@parcel/watcher-win32-ia32/-/watcher-win32-ia32-2.5.0.tgz#778c39b56da33e045ba21c678c31a9f9d7c6b220"
  integrity sha512-+rgpsNRKwo8A53elqbbHXdOMtY/tAtTzManTWShB5Kk54N8Q9mzNWV7tV+IbGueCbcj826MfWGU3mprWtuf1TA==

"@parcel/watcher-win32-x64@2.5.0":
  version "2.5.0"
  resolved "https://registry.yarnpkg.com/@parcel/watcher-win32-x64/-/watcher-win32-x64-2.5.0.tgz#33873876d0bbc588aacce38e90d1d7480ce81cb7"
  integrity sha512-lPrxve92zEHdgeff3aiu4gDOIt4u7sJYha6wbdEZDCDUhtjTsOMiaJzG5lMY4GkWH8p0fMmO2Ppq5G5XXG+DQw==

"@parcel/watcher@^2.4.1":
  version "2.5.0"
  resolved "https://registry.yarnpkg.com/@parcel/watcher/-/watcher-2.5.0.tgz#5c88818b12b8de4307a9d3e6dc3e28eba0dfbd10"
  integrity sha512-i0GV1yJnm2n3Yq1qw6QrUrd/LI9bE8WEBOTtOkpCXHHdyN3TAGgqAK/DAT05z4fq2x04cARXt2pDmjWjL92iTQ==
  dependencies:
    detect-libc "^1.0.3"
    is-glob "^4.0.3"
    micromatch "^4.0.5"
    node-addon-api "^7.0.0"
  optionalDependencies:
    "@parcel/watcher-android-arm64" "2.5.0"
    "@parcel/watcher-darwin-arm64" "2.5.0"
    "@parcel/watcher-darwin-x64" "2.5.0"
    "@parcel/watcher-freebsd-x64" "2.5.0"
    "@parcel/watcher-linux-arm-glibc" "2.5.0"
    "@parcel/watcher-linux-arm-musl" "2.5.0"
    "@parcel/watcher-linux-arm64-glibc" "2.5.0"
    "@parcel/watcher-linux-arm64-musl" "2.5.0"
    "@parcel/watcher-linux-x64-glibc" "2.5.0"
    "@parcel/watcher-linux-x64-musl" "2.5.0"
    "@parcel/watcher-win32-arm64" "2.5.0"
    "@parcel/watcher-win32-ia32" "2.5.0"
    "@parcel/watcher-win32-x64" "2.5.0"

"@popperjs/core@^2.11.8":
  version "2.11.8"
  resolved "https://registry.yarnpkg.com/@popperjs/core/-/core-2.11.8.tgz#6b79032e760a0899cd4204710beede972a3a185f"
  integrity sha512-P1st0aksCrn9sGZhp8GMYwBnQsbvAWsZAX44oXNNvLHGqAOcoVxmjZiohstwQ7SqKnbR47akdNi+uleWD8+g6A==

"@rollup/rollup-android-arm-eabi@4.53.3":
  version "4.53.3"
  resolved "https://registry.yarnpkg.com/@rollup/rollup-android-arm-eabi/-/rollup-android-arm-eabi-4.53.3.tgz#7e478b66180c5330429dd161bf84dad66b59c8eb"
  integrity sha512-mRSi+4cBjrRLoaal2PnqH82Wqyb+d3HsPUN/W+WslCXsZsyHa9ZeQQX/pQsZaVIWDkPcpV6jJ+3KLbTbgnwv8w==

"@rollup/rollup-android-arm64@4.53.3":
  version "4.53.3"
  resolved "https://registry.yarnpkg.com/@rollup/rollup-android-arm64/-/rollup-android-arm64-4.53.3.tgz#2b025510c53a5e3962d3edade91fba9368c9d71c"
  integrity sha512-CbDGaMpdE9sh7sCmTrTUyllhrg65t6SwhjlMJsLr+J8YjFuPmCEjbBSx4Z/e4SmDyH3aB5hGaJUP2ltV/vcs4w==

"@rollup/rollup-darwin-arm64@4.53.3":
  version "4.53.3"
  resolved "https://registry.yarnpkg.com/@rollup/rollup-darwin-arm64/-/rollup-darwin-arm64-4.53.3.tgz#3577c38af68ccf34c03e84f476bfd526abca10a0"
  integrity sha512-Nr7SlQeqIBpOV6BHHGZgYBuSdanCXuw09hon14MGOLGmXAFYjx1wNvquVPmpZnl0tLjg25dEdr4IQ6GgyToCUA==

"@rollup/rollup-darwin-x64@4.53.3":
  version "4.53.3"
  resolved "https://registry.yarnpkg.com/@rollup/rollup-darwin-x64/-/rollup-darwin-x64-4.53.3.tgz#2bf5f2520a1f3b551723d274b9669ba5b75ed69c"
  integrity sha512-DZ8N4CSNfl965CmPktJ8oBnfYr3F8dTTNBQkRlffnUarJ2ohudQD17sZBa097J8xhQ26AwhHJ5mvUyQW8ddTsQ==

"@rollup/rollup-freebsd-arm64@4.53.3":
  version "4.53.3"
  resolved "https://registry.yarnpkg.com/@rollup/rollup-freebsd-arm64/-/rollup-freebsd-arm64-4.53.3.tgz#4bb9cc80252564c158efc0710153c71633f1927c"
  integrity sha512-yMTrCrK92aGyi7GuDNtGn2sNW+Gdb4vErx4t3Gv/Tr+1zRb8ax4z8GWVRfr3Jw8zJWvpGHNpss3vVlbF58DZ4w==

"@rollup/rollup-freebsd-x64@4.53.3":
  version "4.53.3"
  resolved "https://registry.yarnpkg.com/@rollup/rollup-freebsd-x64/-/rollup-freebsd-x64-4.53.3.tgz#2301289094d49415a380cf942219ae9d8b127440"
  integrity sha512-lMfF8X7QhdQzseM6XaX0vbno2m3hlyZFhwcndRMw8fbAGUGL3WFMBdK0hbUBIUYcEcMhVLr1SIamDeuLBnXS+Q==

"@rollup/rollup-linux-arm-gnueabihf@4.53.3":
  version "4.53.3"
  resolved "https://registry.yarnpkg.com/@rollup/rollup-linux-arm-gnueabihf/-/rollup-linux-arm-gnueabihf-4.53.3.tgz#1d03d776f2065e09fc141df7d143476e94acca88"
  integrity sha512-k9oD15soC/Ln6d2Wv/JOFPzZXIAIFLp6B+i14KhxAfnq76ajt0EhYc5YPeX6W1xJkAdItcVT+JhKl1QZh44/qw==

"@rollup/rollup-linux-arm-musleabihf@4.53.3":
  version "4.53.3"
  resolved "https://registry.yarnpkg.com/@rollup/rollup-linux-arm-musleabihf/-/rollup-linux-arm-musleabihf-4.53.3.tgz#8623de0e040b2fd52a541c602688228f51f96701"
  integrity sha512-vTNlKq+N6CK/8UktsrFuc+/7NlEYVxgaEgRXVUVK258Z5ymho29skzW1sutgYjqNnquGwVUObAaxae8rZ6YMhg==

"@rollup/rollup-linux-arm64-gnu@4.53.3":
  version "4.53.3"
  resolved "https://registry.yarnpkg.com/@rollup/rollup-linux-arm64-gnu/-/rollup-linux-arm64-gnu-4.53.3.tgz#ce2d1999bc166277935dde0301cde3dd0417fb6e"
  integrity sha512-RGrFLWgMhSxRs/EWJMIFM1O5Mzuz3Xy3/mnxJp/5cVhZ2XoCAxJnmNsEyeMJtpK+wu0FJFWz+QF4mjCA7AUQ3w==

"@rollup/rollup-linux-arm64-musl@4.53.3":
  version "4.53.3"
  resolved "https://registry.yarnpkg.com/@rollup/rollup-linux-arm64-musl/-/rollup-linux-arm64-musl-4.53.3.tgz#88c2523778444da952651a2219026416564a4899"
  integrity sha512-kASyvfBEWYPEwe0Qv4nfu6pNkITLTb32p4yTgzFCocHnJLAHs+9LjUu9ONIhvfT/5lv4YS5muBHyuV84epBo/A==

"@rollup/rollup-linux-loong64-gnu@4.53.3":
  version "4.53.3"
  resolved "https://registry.yarnpkg.com/@rollup/rollup-linux-loong64-gnu/-/rollup-linux-loong64-gnu-4.53.3.tgz#578ca2220a200ac4226c536c10c8cc6e4f276714"
  integrity sha512-JiuKcp2teLJwQ7vkJ95EwESWkNRFJD7TQgYmCnrPtlu50b4XvT5MOmurWNrCj3IFdyjBQ5p9vnrX4JM6I8OE7g==

"@rollup/rollup-linux-ppc64-gnu@4.53.3":
  version "4.53.3"
  resolved "https://registry.yarnpkg.com/@rollup/rollup-linux-ppc64-gnu/-/rollup-linux-ppc64-gnu-4.53.3.tgz#aa338d3effd4168a20a5023834a74ba2c3081293"
  integrity sha512-EoGSa8nd6d3T7zLuqdojxC20oBfNT8nexBbB/rkxgKj5T5vhpAQKKnD+h3UkoMuTyXkP5jTjK/ccNRmQrPNDuw==

"@rollup/rollup-linux-riscv64-gnu@4.53.3":
  version "4.53.3"
  resolved "https://registry.yarnpkg.com/@rollup/rollup-linux-riscv64-gnu/-/rollup-linux-riscv64-gnu-4.53.3.tgz#16ba582f9f6cff58119aa242782209b1557a1508"
  integrity sha512-4s+Wped2IHXHPnAEbIB0YWBv7SDohqxobiiPA1FIWZpX+w9o2i4LezzH/NkFUl8LRci/8udci6cLq+jJQlh+0g==

"@rollup/rollup-linux-riscv64-musl@4.53.3":
  version "4.53.3"
  resolved "https://registry.yarnpkg.com/@rollup/rollup-linux-riscv64-musl/-/rollup-linux-riscv64-musl-4.53.3.tgz#e404a77ebd6378483888b8064c703adb011340ab"
  integrity sha512-68k2g7+0vs2u9CxDt5ktXTngsxOQkSEV/xBbwlqYcUrAVh6P9EgMZvFsnHy4SEiUl46Xf0IObWVbMvPrr2gw8A==

"@rollup/rollup-linux-s390x-gnu@4.53.3":
  version "4.53.3"
  resolved "https://registry.yarnpkg.com/@rollup/rollup-linux-s390x-gnu/-/rollup-linux-s390x-gnu-4.53.3.tgz#92ad52d306227c56bec43d96ad2164495437ffe6"
  integrity sha512-VYsFMpULAz87ZW6BVYw3I6sWesGpsP9OPcyKe8ofdg9LHxSbRMd7zrVrr5xi/3kMZtpWL/wC+UIJWJYVX5uTKg==

"@rollup/rollup-linux-x64-gnu@4.53.3":
  version "4.53.3"
  resolved "https://registry.yarnpkg.com/@rollup/rollup-linux-x64-gnu/-/rollup-linux-x64-gnu-4.53.3.tgz#fd0dea3bb9aa07e7083579f25e1c2285a46cb9fa"
  integrity sha512-3EhFi1FU6YL8HTUJZ51imGJWEX//ajQPfqWLI3BQq4TlvHy4X0MOr5q3D2Zof/ka0d5FNdPwZXm3Yyib/UEd+w==

"@rollup/rollup-linux-x64-musl@4.53.3":
  version "4.53.3"
  resolved "https://registry.yarnpkg.com/@rollup/rollup-linux-x64-musl/-/rollup-linux-x64-musl-4.53.3.tgz#37a3efb09f18d555f8afc490e1f0444885de8951"
  integrity sha512-eoROhjcc6HbZCJr+tvVT8X4fW3/5g/WkGvvmwz/88sDtSJzO7r/blvoBDgISDiCjDRZmHpwud7h+6Q9JxFwq1Q==

"@rollup/rollup-openharmony-arm64@4.53.3":
  version "4.53.3"
  resolved "https://registry.yarnpkg.com/@rollup/rollup-openharmony-arm64/-/rollup-openharmony-arm64-4.53.3.tgz#c489bec9f4f8320d42c9b324cca220c90091c1f7"
  integrity sha512-OueLAWgrNSPGAdUdIjSWXw+u/02BRTcnfw9PN41D2vq/JSEPnJnVuBgw18VkN8wcd4fjUs+jFHVM4t9+kBSNLw==

"@rollup/rollup-win32-arm64-msvc@4.53.3":
  version "4.53.3"
  resolved "https://registry.yarnpkg.com/@rollup/rollup-win32-arm64-msvc/-/rollup-win32-arm64-msvc-4.53.3.tgz#152832b5f79dc22d1606fac3db946283601b7080"
  integrity sha512-GOFuKpsxR/whszbF/bzydebLiXIHSgsEUp6M0JI8dWvi+fFa1TD6YQa4aSZHtpmh2/uAlj/Dy+nmby3TJ3pkTw==

"@rollup/rollup-win32-ia32-msvc@4.53.3":
  version "4.53.3"
  resolved "https://registry.yarnpkg.com/@rollup/rollup-win32-ia32-msvc/-/rollup-win32-ia32-msvc-4.53.3.tgz#54d91b2bb3bf3e9f30d32b72065a4e52b3a172a5"
  integrity sha512-iah+THLcBJdpfZ1TstDFbKNznlzoxa8fmnFYK4V67HvmuNYkVdAywJSoteUszvBQ9/HqN2+9AZghbajMsFT+oA==

"@rollup/rollup-win32-x64-gnu@4.53.3":
  version "4.53.3"
  resolved "https://registry.yarnpkg.com/@rollup/rollup-win32-x64-gnu/-/rollup-win32-x64-gnu-4.53.3.tgz#df9df03e61a003873efec8decd2034e7f135c71e"
  integrity sha512-J9QDiOIZlZLdcot5NXEepDkstocktoVjkaKUtqzgzpt2yWjGlbYiKyp05rWwk4nypbYUNoFAztEgixoLaSETkg==

"@rollup/rollup-win32-x64-msvc@4.53.3":
  version "4.53.3"
  resolved "https://registry.yarnpkg.com/@rollup/rollup-win32-x64-msvc/-/rollup-win32-x64-msvc-4.53.3.tgz#38ae84f4c04226c1d56a3b17296ef1e0460ecdfe"
  integrity sha512-UhTd8u31dXadv0MopwGgNOBpUVROFKWVQgAg5N1ESyCz8AuBcMqm4AuTjrwgQKGDfoFuz02EuMRHQIw/frmYKQ==

"@types/estree@1.0.8":
  version "1.0.8"
  resolved "https://registry.yarnpkg.com/@types/estree/-/estree-1.0.8.tgz#958b91c991b1867ced318bedea0e215ee050726e"
  integrity sha512-dWHzHa2WqEXI/O1E9OjrocMTKJl2mSrEolh1Iomrv6U+JuNwaHXsXx9bLu5gG7BUWFIN0skIQJQ/L1rIex4X6w==

"@types/trusted-types@^2.0.7":
  version "2.0.7"
  resolved "https://registry.yarnpkg.com/@types/trusted-types/-/trusted-types-2.0.7.tgz#baccb07a970b91707df3a3e8ba6896c57ead2d11"
  integrity sha512-ScaPdn1dQczgbl0QFTeTOmVHFULt394XJgOQNoyVhZ6r2vLnMLJfBPd53SB52T/3G36VI1/g2MZaX0cwDuXsfw==

bootstrap@^5.3.7:
  version "5.3.7"
  resolved "https://registry.yarnpkg.com/bootstrap/-/bootstrap-5.3.7.tgz#8640065036124d961d885d80b5945745e1154d90"
  integrity sha512-7KgiD8UHjfcPBHEpDNg+zGz8L3LqR3GVwqZiBRFX04a1BCArZOz1r2kjly2HQ0WokqTO0v1nF+QAt8dsW4lKlw==

bootswatch@^5.3.7:
  version "5.3.7"
  resolved "https://registry.yarnpkg.com/bootswatch/-/bootswatch-5.3.7.tgz#689c1ab5199a7dd3c6dbb02bec64c6be12b970ca"
  integrity sha512-n0X99+Jmpmd4vgkli5KwMOuAkgdyUPhq7cIAwoGXbM6WhE/mmkWACfxpr7WZeG9Pdx509Ndi+2K1HlzXXOr8/Q==

braces@^3.0.3:
  version "3.0.3"
  resolved "https://registry.yarnpkg.com/braces/-/braces-3.0.3.tgz#490332f40919452272d55a8480adc0c441358789"
  integrity sha512-yQbXgO/OSZVD2IsiLlro+7Hf6Q18EJrKSEsdoMzKePKXct3gvD8oLcOQdIzGupr5Fj+EDe8gO/lxc1BzfMpxvA==
  dependencies:
    fill-range "^7.1.1"

chokidar@^4.0.0:
  version "4.0.1"
  resolved "https://registry.yarnpkg.com/chokidar/-/chokidar-4.0.1.tgz#4a6dff66798fb0f72a94f616abbd7e1a19f31d41"
  integrity sha512-n8enUVCED/KVRQlab1hr3MVpcVMvxtZjmEa956u+4YijlmQED223XMSYj2tLuKvr4jcCTzNNMpQDUer72MMmzA==
  dependencies:
    readdirp "^4.0.1"

dayjs@^1.11.13:
  version "1.11.13"
  resolved "https://registry.yarnpkg.com/dayjs/-/dayjs-1.11.13.tgz#92430b0139055c3ebb60150aa13e860a4b5a366c"
  integrity sha512-oaMBel6gjolK862uaPQOVTA7q3TZhuSvuMQAAglQDOWYO9A91IrAOUJEyKVlqJlHE0vq5p5UXxzdPfMH/x6xNg==

detect-libc@^1.0.3:
  version "1.0.3"
  resolved "https://registry.yarnpkg.com/detect-libc/-/detect-libc-1.0.3.tgz#fa137c4bd698edf55cd5cd02ac559f91a4c4ba9b"
  integrity sha512-pGjwhsmsp4kL2RTz08wcOlGN83otlqHeD/Z5T8GXZB+/YcpQ/dgo+lbU8ZsGxV0HIvqqxo9l7mqYwyYMD9bKDg==

dompurify@^3.2.6:
  version "3.2.6"
  resolved "https://registry.yarnpkg.com/dompurify/-/dompurify-3.2.6.tgz#ca040a6ad2b88e2a92dc45f38c79f84a714a1cad"
  integrity sha512-/2GogDQlohXPZe6D6NOgQvXLPSYBqIWMnZ8zzOhn09REE4eyAzb+Hed3jhoM9OkuaJ8P6ZGTTVWQKAi8ieIzfQ==
  optionalDependencies:
    "@types/trusted-types" "^2.0.7"

esbuild@^0.25.0:
  version "0.25.12"
  resolved "https://registry.yarnpkg.com/esbuild/-/esbuild-0.25.12.tgz#97a1d041f4ab00c2fce2f838d2b9969a2d2a97a5"
  integrity sha512-bbPBYYrtZbkt6Os6FiTLCTFxvq4tt3JKall1vRwshA3fdVztsLAatFaZobhkBC8/BrPetoa0oksYoKXoG4ryJg==
  optionalDependencies:
    "@esbuild/aix-ppc64" "0.25.12"
    "@esbuild/android-arm" "0.25.12"
    "@esbuild/android-arm64" "0.25.12"
    "@esbuild/android-x64" "0.25.12"
    "@esbuild/darwin-arm64" "0.25.12"
    "@esbuild/darwin-x64" "0.25.12"
    "@esbuild/freebsd-arm64" "0.25.12"
    "@esbuild/freebsd-x64" "0.25.12"
    "@esbuild/linux-arm" "0.25.12"
    "@esbuild/linux-arm64" "0.25.12"
    "@esbuild/linux-ia32" "0.25.12"
    "@esbuild/linux-loong64" "0.25.12"
    "@esbuild/linux-mips64el" "0.25.12"
    "@esbuild/linux-ppc64" "0.25.12"
    "@esbuild/linux-riscv64" "0.25.12"
    "@esbuild/linux-s390x" "0.25.12"
    "@esbuild/linux-x64" "0.25.12"
    "@esbuild/netbsd-arm64" "0.25.12"
    "@esbuild/netbsd-x64" "0.25.12"
    "@esbuild/openbsd-arm64" "0.25.12"
    "@esbuild/openbsd-x64" "0.25.12"
    "@esbuild/openharmony-arm64" "0.25.12"
    "@esbuild/sunos-x64" "0.25.12"
    "@esbuild/win32-arm64" "0.25.12"
    "@esbuild/win32-ia32" "0.25.12"
    "@esbuild/win32-x64" "0.25.12"

fdir@^6.4.4, fdir@^6.5.0:
  version "6.5.0"
  resolved "https://registry.yarnpkg.com/fdir/-/fdir-6.5.0.tgz#ed2ab967a331ade62f18d077dae192684d50d350"
  integrity sha512-tIbYtZbucOs0BRGqPJkshJUYdL+SDH7dVM8gjy+ERp3WAUjLEFJE+02kanyHtwjWOnwrKYBiwAmM0p4kLJAnXg==

fill-range@^7.1.1:
  version "7.1.1"
  resolved "https://registry.yarnpkg.com/fill-range/-/fill-range-7.1.1.tgz#44265d3cac07e3ea7dc247516380643754a05292"
  integrity sha512-YsGpe3WHLK8ZYi4tWDg2Jy3ebRz2rXowDxnld4bkQB00cc/1Zw9AWnC0i9ztDJitivtQvaI9KaLyKrc+hBW0yg==
  dependencies:
    to-regex-range "^5.0.1"

fsevents@~2.3.2:
  version "2.3.2"
  resolved "https://registry.yarnpkg.com/fsevents/-/fsevents-2.3.2.tgz#8a526f78b8fdf4623b709e0b975c52c24c02fd1a"
  integrity sha512-xiqMQR4xAeHTuB9uWm+fFRcIOgKBMiOBP+eXiyT7jsgVCq1bkVygt00oASowB7EdtpOHaaPgKt812P9ab+DDKA==

fsevents@~2.3.3:
  version "2.3.3"
  resolved "https://registry.yarnpkg.com/fsevents/-/fsevents-2.3.3.tgz#cac6407785d03675a2a5e1a5305c697b347d90d6"
  integrity sha512-5xoDfX+fL7faATnagmWPpbFtwh/R77WmMMqqHGS65C3vvB0YHrgF+B1YmZ3441tMj5n63k0212XNoJwzlhffQw==

highlight.js@^11.11.1:
  version "11.11.1"
  resolved "https://registry.yarnpkg.com/highlight.js/-/highlight.js-11.11.1.tgz#fca06fa0e5aeecf6c4d437239135fabc15213585"
  integrity sha512-Xwwo44whKBVCYoliBQwaPvtd/2tYFkRQtXDWj1nackaV2JPXx3L0+Jvd8/qCJ2p+ML0/XVkJ2q+Mr+UVdpJK5w==

highlightjs-line-numbers.js@^2.9.0:
  version "2.9.0"
  resolved "https://registry.yarnpkg.com/highlightjs-line-numbers.js/-/highlightjs-line-numbers.js-2.9.0.tgz#82ed21889e3087f3f08cb4d32f87e2e165b2df7c"
  integrity sha512-hMYK5VU+Qi0HmkkdZxamV71ALu9Hq2icQk2WP8OX5q7IPMilSv47ILlJu+fBvxAQdhjW6wONnSQeypsbeRM7WQ==

immutable@^5.0.2:
  version "5.0.3"
  resolved "https://registry.yarnpkg.com/immutable/-/immutable-5.0.3.tgz#aa037e2313ea7b5d400cd9298fa14e404c933db1"
  integrity sha512-P8IdPQHq3lA1xVeBRi5VPqUm5HDgKnx0Ru51wZz5mjxHr5n3RWhjIpOFU7ybkUxfB+5IToy+OLaHYDBIWsv+uw==

is-extglob@^2.1.1:
  version "2.1.1"
  resolved "https://registry.yarnpkg.com/is-extglob/-/is-extglob-2.1.1.tgz#a88c02535791f02ed37c76a1b9ea9773c833f8c2"
  integrity sha512-SbKbANkN603Vi4jEZv49LeVJMn4yGwsbzZworEoyEiutsN3nJYdbO36zfhGJ6QEDpOZIFkDtnq5JRxmvl3jsoQ==

is-glob@^4.0.3:
  version "4.0.3"
  resolved "https://registry.yarnpkg.com/is-glob/-/is-glob-4.0.3.tgz#64f61e42cbbb2eec2071a9dac0b28ba1e65d5084"
  integrity sha512-xelSayHH36ZgE7ZWhli7pW34hNbNl8Ojv5KVmkJD4hBdD3th8Tfk9vYasLM+mXWOZhFkgZfxhLSnrwRr4elSSg==
  dependencies:
    is-extglob "^2.1.1"

is-number@^7.0.0:
  version "7.0.0"
  resolved "https://registry.yarnpkg.com/is-number/-/is-number-7.0.0.tgz#7535345b896734d5f80c4d06c50955527a14f12b"
  integrity sha512-41Cifkg6e8TylSpdtTpeLVMqvSBEVzTttHvERD741+pnZ8ANv0004MRL43QKPDlK9cGvNp6NZWZUBlbGXYxxng==

marked@^16.1.2:
  version "16.1.2"
  resolved "https://registry.yarnpkg.com/marked/-/marked-16.1.2.tgz#b723ad2eb0a19d5bf5809b62816af85d117672e3"
  integrity sha512-rNQt5EvRinalby7zJZu/mB+BvaAY2oz3wCuCjt1RDrWNpS1Pdf9xqMOeC9Hm5adBdcV/3XZPJpG58eT+WBc0XQ==

micromatch@^4.0.5:
  version "4.0.8"
  resolved "https://registry.yarnpkg.com/micromatch/-/micromatch-4.0.8.tgz#d66fa18f3a47076789320b9b1af32bd86d9fa202"
  integrity sha512-PXwfBhYu0hBCPw8Dn0E+WDYb7af3dSLVWKi3HGv84IdF4TyFoC0ysxFd0Goxw7nSv4T/PzEJQxsYsEiFCKo2BA==
  dependencies:
    braces "^3.0.3"
    picomatch "^2.3.1"

nanoid@^3.3.11:
  version "3.3.11"
  resolved "https://registry.yarnpkg.com/nanoid/-/nanoid-3.3.11.tgz#4f4f112cefbe303202f2199838128936266d185b"
  integrity sha512-N8SpfPUnUp1bK+PMYW8qSWdl9U+wwNWI4QKxOYDy9JAro3WMX7p2OeVRF9v+347pnakNevPmiHhNmZ2HbFA76w==

node-addon-api@^7.0.0:
  version "7.1.1"
  resolved "https://registry.yarnpkg.com/node-addon-api/-/node-addon-api-7.1.1.tgz#1aba6693b0f255258a049d621329329322aad558"
  integrity sha512-5m3bsyrjFWE1xf7nz7YXdN4udnVtXK6/Yfgn5qnahL6bCkf2yKt4k3nuTKAtT4r3IG8JNR2ncsIMdZuAzJjHQQ==

picocolors@^1.1.1:
  version "1.1.1"
  resolved "https://registry.yarnpkg.com/picocolors/-/picocolors-1.1.1.tgz#3d321af3eab939b083c8f929a1d12cda81c26b6b"
  integrity sha512-xceH2snhtb5M9liqDsmEw56le376mTZkEX/jEb/RxNFyegNul7eNslCXP9FDj/Lcu0X8KEyMceP2ntpaHrDEVA==

picomatch@^2.3.1:
  version "2.3.1"
  resolved "https://registry.yarnpkg.com/picomatch/-/picomatch-2.3.1.tgz#3ba3833733646d9d3e4995946c1365a67fb07a42"
  integrity sha512-JU3teHTNjmE2VCGFzuY8EXzCDVwEqB2a8fsIvwaStHhAWJEeVd1o1QD80CU6+ZdEXXSLbSsuLwJjkCBWqRQUVA==

picomatch@^4.0.2, picomatch@^4.0.3:
  version "4.0.3"
  resolved "https://registry.yarnpkg.com/picomatch/-/picomatch-4.0.3.tgz#796c76136d1eead715db1e7bad785dedd695a042"
  integrity sha512-5gTmgEY/sqK6gFXLIsQNH19lWb4ebPDLA4SdLP7dsWkIXHWlG66oPuVvXSGFPppYZz8ZDZq0dYYrbHfBCVUb1Q==

postcss@^8.5.3:
  version "8.5.6"
  resolved "https://registry.yarnpkg.com/postcss/-/postcss-8.5.6.tgz#2825006615a619b4f62a9e7426cc120b349a8f3c"
  integrity sha512-3Ybi1tAuwAP9s0r1UQ2J4n5Y0G05bJkpUIO0/bI9MhwmD70S5aTWbXGBwxHrelT+XM1k6dM0pk+SwNkpTRN7Pg==
  dependencies:
    nanoid "^3.3.11"
    picocolors "^1.1.1"
    source-map-js "^1.2.1"

readdirp@^4.0.1:
  version "4.0.1"
  resolved "https://registry.yarnpkg.com/readdirp/-/readdirp-4.0.1.tgz#b2fe35f8dca63183cd3b86883ecc8f720ea96ae6"
  integrity sha512-GkMg9uOTpIWWKbSsgwb5fA4EavTR+SG/PMPoAY8hkhHfEEY0/vqljY+XHqtDf2cr2IJtoNRDbrrEpZUiZCkYRw==

rollup@^4.34.9:
  version "4.53.3"
  resolved "https://registry.yarnpkg.com/rollup/-/rollup-4.53.3.tgz#dbc8cd8743b38710019fb8297e8d7a76e3faa406"
  integrity sha512-w8GmOxZfBmKknvdXU1sdM9NHcoQejwF/4mNgj2JuEEdRaHwwF12K7e9eXn1nLZ07ad+du76mkVsyeb2rKGllsA==
  dependencies:
    "@types/estree" "1.0.8"
  optionalDependencies:
    "@rollup/rollup-android-arm-eabi" "4.53.3"
    "@rollup/rollup-android-arm64" "4.53.3"
    "@rollup/rollup-darwin-arm64" "4.53.3"
    "@rollup/rollup-darwin-x64" "4.53.3"
    "@rollup/rollup-freebsd-arm64" "4.53.3"
    "@rollup/rollup-freebsd-x64" "4.53.3"
    "@rollup/rollup-linux-arm-gnueabihf" "4.53.3"
    "@rollup/rollup-linux-arm-musleabihf" "4.53.3"
    "@rollup/rollup-linux-arm64-gnu" "4.53.3"
    "@rollup/rollup-linux-arm64-musl" "4.53.3"
    "@rollup/rollup-linux-loong64-gnu" "4.53.3"
    "@rollup/rollup-linux-ppc64-gnu" "4.53.3"
    "@rollup/rollup-linux-riscv64-gnu" "4.53.3"
    "@rollup/rollup-linux-riscv64-musl" "4.53.3"
    "@rollup/rollup-linux-s390x-gnu" "4.53.3"
    "@rollup/rollup-linux-x64-gnu" "4.53.3"
    "@rollup/rollup-linux-x64-musl" "4.53.3"
    "@rollup/rollup-openharmony-arm64" "4.53.3"
    "@rollup/rollup-win32-arm64-msvc" "4.53.3"
    "@rollup/rollup-win32-ia32-msvc" "4.53.3"
    "@rollup/rollup-win32-x64-gnu" "4.53.3"
    "@rollup/rollup-win32-x64-msvc" "4.53.3"
    fsevents "~2.3.2"

sass@^1.90.0:
  version "1.90.0"
  resolved "https://registry.yarnpkg.com/sass/-/sass-1.90.0.tgz#d6fc2be49c7c086ce86ea0b231a35bf9e33cb84b"
  integrity sha512-9GUyuksjw70uNpb1MTYWsH9MQHOHY6kwfnkafC24+7aOMZn9+rVMBxRbLvw756mrBFbIsFg6Xw9IkR2Fnn3k+Q==
  dependencies:
    chokidar "^4.0.0"
    immutable "^5.0.2"
    source-map-js ">=0.6.2 <2.0.0"
  optionalDependencies:
    "@parcel/watcher" "^2.4.1"

"source-map-js@>=0.6.2 <2.0.0":
  version "1.0.2"
  resolved "https://registry.yarnpkg.com/source-map-js/-/source-map-js-1.0.2.tgz#adbc361d9c62df380125e7f161f71c826f1e490c"
  integrity sha512-R0XvVJ9WusLiqTCEiGCmICCMplcCkIwwR11mOSD9CR5u+IXYdiseeEuXCVAjS54zqwkLcPNnmU4OeJ6tUrWhDw==

source-map-js@^1.2.1:
  version "1.2.1"
  resolved "https://registry.yarnpkg.com/source-map-js/-/source-map-js-1.2.1.tgz#1ce5650fddd87abc099eda37dcff024c2667ae46"
  integrity sha512-UXWMKhLOwVKb728IUtQPXxfYU+usdybtUrK/8uGE8CQMvrhOpwvzDBwj0QhSL7MQc7vIsISBG8VQ8+IDQxpfQA==

tinyglobby@^0.2.13:
  version "0.2.15"
  resolved "https://registry.yarnpkg.com/tinyglobby/-/tinyglobby-0.2.15.tgz#e228dd1e638cea993d2fdb4fcd2d4602a79951c2"
  integrity sha512-j2Zq4NyQYG5XMST4cbs02Ak8iJUdxRM0XI5QyxXuZOzKOINmWurp3smXu3y5wDcJrptwpSjgXHzIQxR0omXljQ==
  dependencies:
    fdir "^6.5.0"
    picomatch "^4.0.3"

to-regex-range@^5.0.1:
  version "5.0.1"
  resolved "https://registry.yarnpkg.com/to-regex-range/-/to-regex-range-5.0.1.tgz#1648c44aae7c8d988a326018ed72f5b4dd0392e4"
  integrity sha512-65P7iz6X5yEr1cwcgvQxbbIw7Uk3gOy5dIdtZ4rDveLqhrdJP+Li/Hx6tyK0NEb+2GCyneCMJiGqrADCSNk8sQ==
  dependencies:
    is-number "^7.0.0"

vite@^6.4.1:
  version "6.4.1"
  resolved "https://registry.yarnpkg.com/vite/-/vite-6.4.1.tgz#afbe14518cdd6887e240a4b0221ab6d0ce733f96"
  integrity sha512-+Oxm7q9hDoLMyJOYfUYBuHQo+dkAloi33apOPP56pzj+vsdJDzr+j1NISE5pyaAuKL4A3UD34qd0lx5+kfKp2g==
  dependencies:
    esbuild "^0.25.0"
    fdir "^6.4.4"
    picomatch "^4.0.2"
    postcss "^8.5.3"
    rollup "^4.34.9"
    tinyglobby "^0.2.13"
  optionalDependencies:
    fsevents "~2.3.3"
