# THIS IS AN AUTOGENERATED FILE. DO NOT EDIT THIS FILE DIRECTLY.
# yarn lockfile v1


"@esbuild/aix-ppc64@0.24.0":
  version "0.24.0"
  resolved "https://registry.yarnpkg.com/@esbuild/aix-ppc64/-/aix-ppc64-0.24.0.tgz#b57697945b50e99007b4c2521507dc613d4a648c"
  integrity sha512-WtKdFM7ls47zkKHFVzMz8opM7LkcsIp9amDUBIAWirg70RM71WRSjdILPsY5Uv1D42ZpUfaPILDlfactHgsRkw==

"@esbuild/android-arm64@0.24.0":
  version "0.24.0"
  resolved "https://registry.yarnpkg.com/@esbuild/android-arm64/-/android-arm64-0.24.0.tgz#1add7e0af67acefd556e407f8497e81fddad79c0"
  integrity sha512-Vsm497xFM7tTIPYK9bNTYJyF/lsP590Qc1WxJdlB6ljCbdZKU9SY8i7+Iin4kyhV/KV5J2rOKsBQbB77Ab7L/w==

"@esbuild/android-arm@0.24.0":
  version "0.24.0"
  resolved "https://registry.yarnpkg.com/@esbuild/android-arm/-/android-arm-0.24.0.tgz#ab7263045fa8e090833a8e3c393b60d59a789810"
  integrity sha512-arAtTPo76fJ/ICkXWetLCc9EwEHKaeya4vMrReVlEIUCAUncH7M4bhMQ+M9Vf+FFOZJdTNMXNBrWwW+OXWpSew==

"@esbuild/android-x64@0.24.0":
  version "0.24.0"
  resolved "https://registry.yarnpkg.com/@esbuild/android-x64/-/android-x64-0.24.0.tgz#e8f8b196cfdfdd5aeaebbdb0110983460440e705"
  integrity sha512-t8GrvnFkiIY7pa7mMgJd7p8p8qqYIz1NYiAoKc75Zyv73L3DZW++oYMSHPRarcotTKuSs6m3hTOa5CKHaS02TQ==

"@esbuild/darwin-arm64@0.24.0":
  version "0.24.0"
  resolved "https://registry.yarnpkg.com/@esbuild/darwin-arm64/-/darwin-arm64-0.24.0.tgz#2d0d9414f2acbffd2d86e98253914fca603a53dd"
  integrity sha512-CKyDpRbK1hXwv79soeTJNHb5EiG6ct3efd/FTPdzOWdbZZfGhpbcqIpiD0+vwmpu0wTIL97ZRPZu8vUt46nBSw==

"@esbuild/darwin-x64@0.24.0":
  version "0.24.0"
  resolved "https://registry.yarnpkg.com/@esbuild/darwin-x64/-/darwin-x64-0.24.0.tgz#33087aab31a1eb64c89daf3d2cf8ce1775656107"
  integrity sha512-rgtz6flkVkh58od4PwTRqxbKH9cOjaXCMZgWD905JOzjFKW+7EiUObfd/Kav+A6Gyud6WZk9w+xu6QLytdi2OA==

"@esbuild/freebsd-arm64@0.24.0":
  version "0.24.0"
  resolved "https://registry.yarnpkg.com/@esbuild/freebsd-arm64/-/freebsd-arm64-0.24.0.tgz#bb76e5ea9e97fa3c753472f19421075d3a33e8a7"
  integrity sha512-6Mtdq5nHggwfDNLAHkPlyLBpE5L6hwsuXZX8XNmHno9JuL2+bg2BX5tRkwjyfn6sKbxZTq68suOjgWqCicvPXA==

"@esbuild/freebsd-x64@0.24.0":
  version "0.24.0"
  resolved "https://registry.yarnpkg.com/@esbuild/freebsd-x64/-/freebsd-x64-0.24.0.tgz#e0e2ce9249fdf6ee29e5dc3d420c7007fa579b93"
  integrity sha512-D3H+xh3/zphoX8ck4S2RxKR6gHlHDXXzOf6f/9dbFt/NRBDIE33+cVa49Kil4WUjxMGW0ZIYBYtaGCa2+OsQwQ==

"@esbuild/linux-arm64@0.24.0":
  version "0.24.0"
  resolved "https://registry.yarnpkg.com/@esbuild/linux-arm64/-/linux-arm64-0.24.0.tgz#d1b2aa58085f73ecf45533c07c82d81235388e75"
  integrity sha512-TDijPXTOeE3eaMkRYpcy3LarIg13dS9wWHRdwYRnzlwlA370rNdZqbcp0WTyyV/k2zSxfko52+C7jU5F9Tfj1g==

"@esbuild/linux-arm@0.24.0":
  version "0.24.0"
  resolved "https://registry.yarnpkg.com/@esbuild/linux-arm/-/linux-arm-0.24.0.tgz#8e4915df8ea3e12b690a057e77a47b1d5935ef6d"
  integrity sha512-gJKIi2IjRo5G6Glxb8d3DzYXlxdEj2NlkixPsqePSZMhLudqPhtZ4BUrpIuTjJYXxvF9njql+vRjB2oaC9XpBw==

"@esbuild/linux-ia32@0.24.0":
  version "0.24.0"
  resolved "https://registry.yarnpkg.com/@esbuild/linux-ia32/-/linux-ia32-0.24.0.tgz#8200b1110666c39ab316572324b7af63d82013fb"
  integrity sha512-K40ip1LAcA0byL05TbCQ4yJ4swvnbzHscRmUilrmP9Am7//0UjPreh4lpYzvThT2Quw66MhjG//20mrufm40mA==

"@esbuild/linux-loong64@0.24.0":
  version "0.24.0"
  resolved "https://registry.yarnpkg.com/@esbuild/linux-loong64/-/linux-loong64-0.24.0.tgz#6ff0c99cf647504df321d0640f0d32e557da745c"
  integrity sha512-0mswrYP/9ai+CU0BzBfPMZ8RVm3RGAN/lmOMgW4aFUSOQBjA31UP8Mr6DDhWSuMwj7jaWOT0p0WoZ6jeHhrD7g==

"@esbuild/linux-mips64el@0.24.0":
  version "0.24.0"
  resolved "https://registry.yarnpkg.com/@esbuild/linux-mips64el/-/linux-mips64el-0.24.0.tgz#3f720ccd4d59bfeb4c2ce276a46b77ad380fa1f3"
  integrity sha512-hIKvXm0/3w/5+RDtCJeXqMZGkI2s4oMUGj3/jM0QzhgIASWrGO5/RlzAzm5nNh/awHE0A19h/CvHQe6FaBNrRA==

"@esbuild/linux-ppc64@0.24.0":
  version "0.24.0"
  resolved "https://registry.yarnpkg.com/@esbuild/linux-ppc64/-/linux-ppc64-0.24.0.tgz#9d6b188b15c25afd2e213474bf5f31e42e3aa09e"
  integrity sha512-HcZh5BNq0aC52UoocJxaKORfFODWXZxtBaaZNuN3PUX3MoDsChsZqopzi5UupRhPHSEHotoiptqikjN/B77mYQ==

"@esbuild/linux-riscv64@0.24.0":
  version "0.24.0"
  resolved "https://registry.yarnpkg.com/@esbuild/linux-riscv64/-/linux-riscv64-0.24.0.tgz#f989fdc9752dfda286c9cd87c46248e4dfecbc25"
  integrity sha512-bEh7dMn/h3QxeR2KTy1DUszQjUrIHPZKyO6aN1X4BCnhfYhuQqedHaa5MxSQA/06j3GpiIlFGSsy1c7Gf9padw==

"@esbuild/linux-s390x@0.24.0":
  version "0.24.0"
  resolved "https://registry.yarnpkg.com/@esbuild/linux-s390x/-/linux-s390x-0.24.0.tgz#29ebf87e4132ea659c1489fce63cd8509d1c7319"
  integrity sha512-ZcQ6+qRkw1UcZGPyrCiHHkmBaj9SiCD8Oqd556HldP+QlpUIe2Wgn3ehQGVoPOvZvtHm8HPx+bH20c9pvbkX3g==

"@esbuild/linux-x64@0.24.0":
  version "0.24.0"
  resolved "https://registry.yarnpkg.com/@esbuild/linux-x64/-/linux-x64-0.24.0.tgz#4af48c5c0479569b1f359ffbce22d15f261c0cef"
  integrity sha512-vbutsFqQ+foy3wSSbmjBXXIJ6PL3scghJoM8zCL142cGaZKAdCZHyf+Bpu/MmX9zT9Q0zFBVKb36Ma5Fzfa8xA==

"@esbuild/netbsd-x64@0.24.0":
  version "0.24.0"
  resolved "https://registry.yarnpkg.com/@esbuild/netbsd-x64/-/netbsd-x64-0.24.0.tgz#1ae73d23cc044a0ebd4f198334416fb26c31366c"
  integrity sha512-hjQ0R/ulkO8fCYFsG0FZoH+pWgTTDreqpqY7UnQntnaKv95uP5iW3+dChxnx7C3trQQU40S+OgWhUVwCjVFLvg==

"@esbuild/openbsd-arm64@0.24.0":
  version "0.24.0"
  resolved "https://registry.yarnpkg.com/@esbuild/openbsd-arm64/-/openbsd-arm64-0.24.0.tgz#5d904a4f5158c89859fd902c427f96d6a9e632e2"
  integrity sha512-MD9uzzkPQbYehwcN583yx3Tu5M8EIoTD+tUgKF982WYL9Pf5rKy9ltgD0eUgs8pvKnmizxjXZyLt0z6DC3rRXg==

"@esbuild/openbsd-x64@0.24.0":
  version "0.24.0"
  resolved "https://registry.yarnpkg.com/@esbuild/openbsd-x64/-/openbsd-x64-0.24.0.tgz#4c8aa88c49187c601bae2971e71c6dc5e0ad1cdf"
  integrity sha512-4ir0aY1NGUhIC1hdoCzr1+5b43mw99uNwVzhIq1OY3QcEwPDO3B7WNXBzaKY5Nsf1+N11i1eOfFcq+D/gOS15Q==

"@esbuild/sunos-x64@0.24.0":
  version "0.24.0"
  resolved "https://registry.yarnpkg.com/@esbuild/sunos-x64/-/sunos-x64-0.24.0.tgz#8ddc35a0ea38575fa44eda30a5ee01ae2fa54dd4"
  integrity sha512-jVzdzsbM5xrotH+W5f1s+JtUy1UWgjU0Cf4wMvffTB8m6wP5/kx0KiaLHlbJO+dMgtxKV8RQ/JvtlFcdZ1zCPA==

"@esbuild/win32-arm64@0.24.0":
  version "0.24.0"
  resolved "https://registry.yarnpkg.com/@esbuild/win32-arm64/-/win32-arm64-0.24.0.tgz#6e79c8543f282c4539db684a207ae0e174a9007b"
  integrity sha512-iKc8GAslzRpBytO2/aN3d2yb2z8XTVfNV0PjGlCxKo5SgWmNXx82I/Q3aG1tFfS+A2igVCY97TJ8tnYwpUWLCA==

"@esbuild/win32-ia32@0.24.0":
  version "0.24.0"
  resolved "https://registry.yarnpkg.com/@esbuild/win32-ia32/-/win32-ia32-0.24.0.tgz#057af345da256b7192d18b676a02e95d0fa39103"
  integrity sha512-vQW36KZolfIudCcTnaTpmLQ24Ha1RjygBo39/aLkM2kmjkWmZGEJ5Gn9l5/7tzXA42QGIoWbICfg6KLLkIw6yw==

"@esbuild/win32-x64@0.24.0":
  version "0.24.0"
  resolved "https://registry.yarnpkg.com/@esbuild/win32-x64/-/win32-x64-0.24.0.tgz#168ab1c7e1c318b922637fad8f339d48b01e1244"
  integrity sha512-7IAFPrjSQIJrGsK6flwg7NFmwBoSTyF3rl7If0hNUFQU4ilTsEPL6GuMuU9BfIWVVGuRnuIidkSMC+c0Otu8IA==

"@parcel/watcher-android-arm64@2.5.0":
  version "2.5.0"
  resolved "https://registry.yarnpkg.com/@parcel/watcher-android-arm64/-/watcher-android-arm64-2.5.0.tgz#e32d3dda6647791ee930556aee206fcd5ea0fb7a"
  integrity sha512-qlX4eS28bUcQCdribHkg/herLe+0A9RyYC+mm2PXpncit8z5b3nSqGVzMNR3CmtAOgRutiZ02eIJJgP/b1iEFQ==

"@parcel/watcher-darwin-arm64@2.5.0":
  version "2.5.0"
  resolved "https://registry.yarnpkg.com/@parcel/watcher-darwin-arm64/-/watcher-darwin-arm64-2.5.0.tgz#0d9e680b7e9ec1c8f54944f1b945aa8755afb12f"
  integrity sha512-hyZ3TANnzGfLpRA2s/4U1kbw2ZI4qGxaRJbBH2DCSREFfubMswheh8TeiC1sGZ3z2jUf3s37P0BBlrD3sjVTUw==

"@parcel/watcher-darwin-x64@2.5.0":
  version "2.5.0"
  resolved "https://registry.yarnpkg.com/@parcel/watcher-darwin-x64/-/watcher-darwin-x64-2.5.0.tgz#f9f1d5ce9d5878d344f14ef1856b7a830c59d1bb"
  integrity sha512-9rhlwd78saKf18fT869/poydQK8YqlU26TMiNg7AIu7eBp9adqbJZqmdFOsbZ5cnLp5XvRo9wcFmNHgHdWaGYA==

"@parcel/watcher-freebsd-x64@2.5.0":
  version "2.5.0"
  resolved "https://registry.yarnpkg.com/@parcel/watcher-freebsd-x64/-/watcher-freebsd-x64-2.5.0.tgz#2b77f0c82d19e84ff4c21de6da7f7d096b1a7e82"
  integrity sha512-syvfhZzyM8kErg3VF0xpV8dixJ+RzbUaaGaeb7uDuz0D3FK97/mZ5AJQ3XNnDsXX7KkFNtyQyFrXZzQIcN49Tw==

"@parcel/watcher-linux-arm-glibc@2.5.0":
  version "2.5.0"
  resolved "https://registry.yarnpkg.com/@parcel/watcher-linux-arm-glibc/-/watcher-linux-arm-glibc-2.5.0.tgz#92ed322c56dbafa3d2545dcf2803334aee131e42"
  integrity sha512-0VQY1K35DQET3dVYWpOaPFecqOT9dbuCfzjxoQyif1Wc574t3kOSkKevULddcR9znz1TcklCE7Ht6NIxjvTqLA==

"@parcel/watcher-linux-arm-musl@2.5.0":
  version "2.5.0"
  resolved "https://registry.yarnpkg.com/@parcel/watcher-linux-arm-musl/-/watcher-linux-arm-musl-2.5.0.tgz#cd48e9bfde0cdbbd2ecd9accfc52967e22f849a4"
  integrity sha512-6uHywSIzz8+vi2lAzFeltnYbdHsDm3iIB57d4g5oaB9vKwjb6N6dRIgZMujw4nm5r6v9/BQH0noq6DzHrqr2pA==

"@parcel/watcher-linux-arm64-glibc@2.5.0":
  version "2.5.0"
  resolved "https://registry.yarnpkg.com/@parcel/watcher-linux-arm64-glibc/-/watcher-linux-arm64-glibc-2.5.0.tgz#7b81f6d5a442bb89fbabaf6c13573e94a46feb03"
  integrity sha512-BfNjXwZKxBy4WibDb/LDCriWSKLz+jJRL3cM/DllnHH5QUyoiUNEp3GmL80ZqxeumoADfCCP19+qiYiC8gUBjA==

"@parcel/watcher-linux-arm64-musl@2.5.0":
  version "2.5.0"
  resolved "https://registry.yarnpkg.com/@parcel/watcher-linux-arm64-musl/-/watcher-linux-arm64-musl-2.5.0.tgz#dcb8ff01077cdf59a18d9e0a4dff7a0cfe5fd732"
  integrity sha512-S1qARKOphxfiBEkwLUbHjCY9BWPdWnW9j7f7Hb2jPplu8UZ3nes7zpPOW9bkLbHRvWM0WDTsjdOTUgW0xLBN1Q==

"@parcel/watcher-linux-x64-glibc@2.5.0":
  version "2.5.0"
  resolved "https://registry.yarnpkg.com/@parcel/watcher-linux-x64-glibc/-/watcher-linux-x64-glibc-2.5.0.tgz#2e254600fda4e32d83942384d1106e1eed84494d"
  integrity sha512-d9AOkusyXARkFD66S6zlGXyzx5RvY+chTP9Jp0ypSTC9d4lzyRs9ovGf/80VCxjKddcUvnsGwCHWuF2EoPgWjw==

"@parcel/watcher-linux-x64-musl@2.5.0":
  version "2.5.0"
  resolved "https://registry.yarnpkg.com/@parcel/watcher-linux-x64-musl/-/watcher-linux-x64-musl-2.5.0.tgz#01fcea60fedbb3225af808d3f0a7b11229792eef"
  integrity sha512-iqOC+GoTDoFyk/VYSFHwjHhYrk8bljW6zOhPuhi5t9ulqiYq1togGJB5e3PwYVFFfeVgc6pbz3JdQyDoBszVaA==

"@parcel/watcher-win32-arm64@2.5.0":
  version "2.5.0"
  resolved "https://registry.yarnpkg.com/@parcel/watcher-win32-arm64/-/watcher-win32-arm64-2.5.0.tgz#87cdb16e0783e770197e52fb1dc027bb0c847154"
  integrity sha512-twtft1d+JRNkM5YbmexfcH/N4znDtjgysFaV9zvZmmJezQsKpkfLYJ+JFV3uygugK6AtIM2oADPkB2AdhBrNig==

"@parcel/watcher-win32-ia32@2.5.0":
  version "2.5.0"
  resolved "https://registry.yarnpkg.com/@parcel/watcher-win32-ia32/-/watcher-win32-ia32-2.5.0.tgz#778c39b56da33e045ba21c678c31a9f9d7c6b220"
  integrity sha512-+rgpsNRKwo8A53elqbbHXdOMtY/tAtTzManTWShB5Kk54N8Q9mzNWV7tV+IbGueCbcj826MfWGU3mprWtuf1TA==

"@parcel/watcher-win32-x64@2.5.0":
  version "2.5.0"
  resolved "https://registry.yarnpkg.com/@parcel/watcher-win32-x64/-/watcher-win32-x64-2.5.0.tgz#33873876d0bbc588aacce38e90d1d7480ce81cb7"
  integrity sha512-lPrxve92zEHdgeff3aiu4gDOIt4u7sJYha6wbdEZDCDUhtjTsOMiaJzG5lMY4GkWH8p0fMmO2Ppq5G5XXG+DQw==

"@parcel/watcher@^2.4.1":
  version "2.5.0"
  resolved "https://registry.yarnpkg.com/@parcel/watcher/-/watcher-2.5.0.tgz#5c88818b12b8de4307a9d3e6dc3e28eba0dfbd10"
  integrity sha512-i0GV1yJnm2n3Yq1qw6QrUrd/LI9bE8WEBOTtOkpCXHHdyN3TAGgqAK/DAT05z4fq2x04cARXt2pDmjWjL92iTQ==
  dependencies:
    detect-libc "^1.0.3"
    is-glob "^4.0.3"
    micromatch "^4.0.5"
    node-addon-api "^7.0.0"
  optionalDependencies:
    "@parcel/watcher-android-arm64" "2.5.0"
    "@parcel/watcher-darwin-arm64" "2.5.0"
    "@parcel/watcher-darwin-x64" "2.5.0"
    "@parcel/watcher-freebsd-x64" "2.5.0"
    "@parcel/watcher-linux-arm-glibc" "2.5.0"
    "@parcel/watcher-linux-arm-musl" "2.5.0"
    "@parcel/watcher-linux-arm64-glibc" "2.5.0"
    "@parcel/watcher-linux-arm64-musl" "2.5.0"
    "@parcel/watcher-linux-x64-glibc" "2.5.0"
    "@parcel/watcher-linux-x64-musl" "2.5.0"
    "@parcel/watcher-win32-arm64" "2.5.0"
    "@parcel/watcher-win32-ia32" "2.5.0"
    "@parcel/watcher-win32-x64" "2.5.0"

"@popperjs/core@^2.11.8":
  version "2.11.8"
  resolved "https://registry.yarnpkg.com/@popperjs/core/-/core-2.11.8.tgz#6b79032e760a0899cd4204710beede972a3a185f"
  integrity sha512-P1st0aksCrn9sGZhp8GMYwBnQsbvAWsZAX44oXNNvLHGqAOcoVxmjZiohstwQ7SqKnbR47akdNi+uleWD8+g6A==

"@rollup/rollup-android-arm-eabi@4.28.1":
  version "4.28.1"
  resolved "https://registry.yarnpkg.com/@rollup/rollup-android-arm-eabi/-/rollup-android-arm-eabi-4.28.1.tgz#7f4c4d8cd5ccab6e95d6750dbe00321c1f30791e"
  integrity sha512-2aZp8AES04KI2dy3Ss6/MDjXbwBzj+i0GqKtWXgw2/Ma6E4jJvujryO6gJAghIRVz7Vwr9Gtl/8na3nDUKpraQ==

"@rollup/rollup-android-arm64@4.28.1":
  version "4.28.1"
  resolved "https://registry.yarnpkg.com/@rollup/rollup-android-arm64/-/rollup-android-arm64-4.28.1.tgz#17ea71695fb1518c2c324badbe431a0bd1879f2d"
  integrity sha512-EbkK285O+1YMrg57xVA+Dp0tDBRB93/BZKph9XhMjezf6F4TpYjaUSuPt5J0fZXlSag0LmZAsTmdGGqPp4pQFA==

"@rollup/rollup-darwin-arm64@4.28.1":
  version "4.28.1"
  resolved "https://registry.yarnpkg.com/@rollup/rollup-darwin-arm64/-/rollup-darwin-arm64-4.28.1.tgz#dac0f0d0cfa73e7d5225ae6d303c13c8979e7999"
  integrity sha512-prduvrMKU6NzMq6nxzQw445zXgaDBbMQvmKSJaxpaZ5R1QDM8w+eGxo6Y/jhT/cLoCvnZI42oEqf9KQNYz1fqQ==

"@rollup/rollup-darwin-x64@4.28.1":
  version "4.28.1"
  resolved "https://registry.yarnpkg.com/@rollup/rollup-darwin-x64/-/rollup-darwin-x64-4.28.1.tgz#8f63baa1d31784904a380d2e293fa1ddf53dd4a2"
  integrity sha512-WsvbOunsUk0wccO/TV4o7IKgloJ942hVFK1CLatwv6TJspcCZb9umQkPdvB7FihmdxgaKR5JyxDjWpCOp4uZlQ==

"@rollup/rollup-freebsd-arm64@4.28.1":
  version "4.28.1"
  resolved "https://registry.yarnpkg.com/@rollup/rollup-freebsd-arm64/-/rollup-freebsd-arm64-4.28.1.tgz#30ed247e0df6e8858cdc6ae4090e12dbeb8ce946"
  integrity sha512-HTDPdY1caUcU4qK23FeeGxCdJF64cKkqajU0iBnTVxS8F7H/7BewvYoG+va1KPSL63kQ1PGNyiwKOfReavzvNA==

"@rollup/rollup-freebsd-x64@4.28.1":
  version "4.28.1"
  resolved "https://registry.yarnpkg.com/@rollup/rollup-freebsd-x64/-/rollup-freebsd-x64-4.28.1.tgz#57846f382fddbb508412ae07855b8a04c8f56282"
  integrity sha512-m/uYasxkUevcFTeRSM9TeLyPe2QDuqtjkeoTpP9SW0XxUWfcYrGDMkO/m2tTw+4NMAF9P2fU3Mw4ahNvo7QmsQ==

"@rollup/rollup-linux-arm-gnueabihf@4.28.1":
  version "4.28.1"
  resolved "https://registry.yarnpkg.com/@rollup/rollup-linux-arm-gnueabihf/-/rollup-linux-arm-gnueabihf-4.28.1.tgz#378ca666c9dae5e6f94d1d351e7497c176e9b6df"
  integrity sha512-QAg11ZIt6mcmzpNE6JZBpKfJaKkqTm1A9+y9O+frdZJEuhQxiugM05gnCWiANHj4RmbgeVJpTdmKRmH/a+0QbA==

"@rollup/rollup-linux-arm-musleabihf@4.28.1":
  version "4.28.1"
  resolved "https://registry.yarnpkg.com/@rollup/rollup-linux-arm-musleabihf/-/rollup-linux-arm-musleabihf-4.28.1.tgz#a692eff3bab330d5c33a5d5813a090c15374cddb"
  integrity sha512-dRP9PEBfolq1dmMcFqbEPSd9VlRuVWEGSmbxVEfiq2cs2jlZAl0YNxFzAQS2OrQmsLBLAATDMb3Z6MFv5vOcXg==

"@rollup/rollup-linux-arm64-gnu@4.28.1":
  version "4.28.1"
  resolved "https://registry.yarnpkg.com/@rollup/rollup-linux-arm64-gnu/-/rollup-linux-arm64-gnu-4.28.1.tgz#6b1719b76088da5ac1ae1feccf48c5926b9e3db9"
  integrity sha512-uGr8khxO+CKT4XU8ZUH1TTEUtlktK6Kgtv0+6bIFSeiSlnGJHG1tSFSjm41uQ9sAO/5ULx9mWOz70jYLyv1QkA==

"@rollup/rollup-linux-arm64-musl@4.28.1":
  version "4.28.1"
  resolved "https://registry.yarnpkg.com/@rollup/rollup-linux-arm64-musl/-/rollup-linux-arm64-musl-4.28.1.tgz#865baf5b6f5ff67acb32e5a359508828e8dc5788"
  integrity sha512-QF54q8MYGAqMLrX2t7tNpi01nvq5RI59UBNx+3+37zoKX5KViPo/gk2QLhsuqok05sSCRluj0D00LzCwBikb0A==

"@rollup/rollup-linux-loongarch64-gnu@4.28.1":
  version "4.28.1"
  resolved "https://registry.yarnpkg.com/@rollup/rollup-linux-loongarch64-gnu/-/rollup-linux-loongarch64-gnu-4.28.1.tgz#23c6609ba0f7fa7a7f2038b6b6a08555a5055a87"
  integrity sha512-vPul4uodvWvLhRco2w0GcyZcdyBfpfDRgNKU+p35AWEbJ/HPs1tOUrkSueVbBS0RQHAf/A+nNtDpvw95PeVKOA==

"@rollup/rollup-linux-powerpc64le-gnu@4.28.1":
  version "4.28.1"
  resolved "https://registry.yarnpkg.com/@rollup/rollup-linux-powerpc64le-gnu/-/rollup-linux-powerpc64le-gnu-4.28.1.tgz#652ef0d9334a9f25b9daf85731242801cb0fc41c"
  integrity sha512-pTnTdBuC2+pt1Rmm2SV7JWRqzhYpEILML4PKODqLz+C7Ou2apEV52h19CR7es+u04KlqplggmN9sqZlekg3R1A==

"@rollup/rollup-linux-riscv64-gnu@4.28.1":
  version "4.28.1"
  resolved "https://registry.yarnpkg.com/@rollup/rollup-linux-riscv64-gnu/-/rollup-linux-riscv64-gnu-4.28.1.tgz#1eb6651839ee6ebca64d6cc64febbd299e95e6bd"
  integrity sha512-vWXy1Nfg7TPBSuAncfInmAI/WZDd5vOklyLJDdIRKABcZWojNDY0NJwruY2AcnCLnRJKSaBgf/GiJfauu8cQZA==

"@rollup/rollup-linux-s390x-gnu@4.28.1":
  version "4.28.1"
  resolved "https://registry.yarnpkg.com/@rollup/rollup-linux-s390x-gnu/-/rollup-linux-s390x-gnu-4.28.1.tgz#015c52293afb3ff2a293cf0936b1d43975c1e9cd"
  integrity sha512-/yqC2Y53oZjb0yz8PVuGOQQNOTwxcizudunl/tFs1aLvObTclTwZ0JhXF2XcPT/zuaymemCDSuuUPXJJyqeDOg==

"@rollup/rollup-linux-x64-gnu@4.28.1":
  version "4.28.1"
  resolved "https://registry.yarnpkg.com/@rollup/rollup-linux-x64-gnu/-/rollup-linux-x64-gnu-4.28.1.tgz#b83001b5abed2bcb5e2dbeec6a7e69b194235c1e"
  integrity sha512-fzgeABz7rrAlKYB0y2kSEiURrI0691CSL0+KXwKwhxvj92VULEDQLpBYLHpF49MSiPG4sq5CK3qHMnb9tlCjBw==

"@rollup/rollup-linux-x64-musl@4.28.1":
  version "4.28.1"
  resolved "https://registry.yarnpkg.com/@rollup/rollup-linux-x64-musl/-/rollup-linux-x64-musl-4.28.1.tgz#6cc7c84cd4563737f8593e66f33b57d8e228805b"
  integrity sha512-xQTDVzSGiMlSshpJCtudbWyRfLaNiVPXt1WgdWTwWz9n0U12cI2ZVtWe/Jgwyv/6wjL7b66uu61Vg0POWVfz4g==

"@rollup/rollup-win32-arm64-msvc@4.28.1":
  version "4.28.1"
  resolved "https://registry.yarnpkg.com/@rollup/rollup-win32-arm64-msvc/-/rollup-win32-arm64-msvc-4.28.1.tgz#631ffeee094d71279fcd1fe8072bdcf25311bc11"
  integrity sha512-wSXmDRVupJstFP7elGMgv+2HqXelQhuNf+IS4V+nUpNVi/GUiBgDmfwD0UGN3pcAnWsgKG3I52wMOBnk1VHr/A==

"@rollup/rollup-win32-ia32-msvc@4.28.1":
  version "4.28.1"
  resolved "https://registry.yarnpkg.com/@rollup/rollup-win32-ia32-msvc/-/rollup-win32-ia32-msvc-4.28.1.tgz#06d1d60d5b9f718e8a6c4a43f82e3f9e3254587f"
  integrity sha512-ZkyTJ/9vkgrE/Rk9vhMXhf8l9D+eAhbAVbsGsXKy2ohmJaWg0LPQLnIxRdRp/bKyr8tXuPlXhIoGlEB5XpJnGA==

"@rollup/rollup-win32-x64-msvc@4.28.1":
  version "4.28.1"
  resolved "https://registry.yarnpkg.com/@rollup/rollup-win32-x64-msvc/-/rollup-win32-x64-msvc-4.28.1.tgz#4dff5c4259ebe6c5b4a8f2c5bc3829b7a8447ff0"
  integrity sha512-ZvK2jBafvttJjoIdKm/Q/Bh7IJ1Ose9IBOwpOXcOvW3ikGTQGmKDgxTC6oCAzW6PynbkKP8+um1du81XJHZ0JA==

"@types/estree@1.0.6":
  version "1.0.6"
  resolved "https://registry.yarnpkg.com/@types/estree/-/estree-1.0.6.tgz#628effeeae2064a1b4e79f78e81d87b7e5fc7b50"
  integrity sha512-AYnb1nQyY49te+VRAVgmzfcgjYS91mY5P0TKUDCLEM+gNnA+3T6rWITXRLYCpahpqSQbN5cE+gHpnPyXjHWxcw==

"@types/trusted-types@^2.0.7":
  version "2.0.7"
  resolved "https://registry.yarnpkg.com/@types/trusted-types/-/trusted-types-2.0.7.tgz#baccb07a970b91707df3a3e8ba6896c57ead2d11"
  integrity sha512-ScaPdn1dQczgbl0QFTeTOmVHFULt394XJgOQNoyVhZ6r2vLnMLJfBPd53SB52T/3G36VI1/g2MZaX0cwDuXsfw==

bootstrap@^5.3.3:
  version "5.3.3"
  resolved "https://registry.yarnpkg.com/bootstrap/-/bootstrap-5.3.3.tgz#de35e1a765c897ac940021900fcbb831602bac38"
  integrity sha512-8HLCdWgyoMguSO9o+aH+iuZ+aht+mzW0u3HIMzVu7Srrpv7EBBxTnrFlSCskwdY1+EOFQSm7uMJhNQHkdPcmjg==

bootswatch@^5.3.3:
  version "5.3.3"
  resolved "https://registry.yarnpkg.com/bootswatch/-/bootswatch-5.3.3.tgz#fb8f671862165a06a70aee10f84ee2cc77b52120"
  integrity sha512-cJLhobnZsVCelU7zdH/L7wpcXAyUoTX4/5l2dWQ0JXgaVK80BdTQNU/ImWwoyIGBeyms4iQDAdNtOfPQZf0Atg==

braces@^3.0.3:
  version "3.0.3"
  resolved "https://registry.yarnpkg.com/braces/-/braces-3.0.3.tgz#490332f40919452272d55a8480adc0c441358789"
  integrity sha512-yQbXgO/OSZVD2IsiLlro+7Hf6Q18EJrKSEsdoMzKePKXct3gvD8oLcOQdIzGupr5Fj+EDe8gO/lxc1BzfMpxvA==
  dependencies:
    fill-range "^7.1.1"

chokidar@^4.0.0:
  version "4.0.1"
  resolved "https://registry.yarnpkg.com/chokidar/-/chokidar-4.0.1.tgz#4a6dff66798fb0f72a94f616abbd7e1a19f31d41"
  integrity sha512-n8enUVCED/KVRQlab1hr3MVpcVMvxtZjmEa956u+4YijlmQED223XMSYj2tLuKvr4jcCTzNNMpQDUer72MMmzA==
  dependencies:
    readdirp "^4.0.1"

dayjs@^1.11.13:
  version "1.11.13"
  resolved "https://registry.yarnpkg.com/dayjs/-/dayjs-1.11.13.tgz#92430b0139055c3ebb60150aa13e860a4b5a366c"
  integrity sha512-oaMBel6gjolK862uaPQOVTA7q3TZhuSvuMQAAglQDOWYO9A91IrAOUJEyKVlqJlHE0vq5p5UXxzdPfMH/x6xNg==

detect-libc@^1.0.3:
  version "1.0.3"
  resolved "https://registry.yarnpkg.com/detect-libc/-/detect-libc-1.0.3.tgz#fa137c4bd698edf55cd5cd02ac559f91a4c4ba9b"
  integrity sha512-pGjwhsmsp4kL2RTz08wcOlGN83otlqHeD/Z5T8GXZB+/YcpQ/dgo+lbU8ZsGxV0HIvqqxo9l7mqYwyYMD9bKDg==

dompurify@^3.2.3:
  version "3.2.3"
  resolved "https://registry.yarnpkg.com/dompurify/-/dompurify-3.2.3.tgz#05dd2175225324daabfca6603055a09b2382a4cd"
  integrity sha512-U1U5Hzc2MO0oW3DF+G9qYN0aT7atAou4AgI0XjWz061nyBPbdxkfdhfy5uMgGn6+oLFCfn44ZGbdDqCzVmlOWA==
  optionalDependencies:
    "@types/trusted-types" "^2.0.7"

esbuild@^0.24.0:
  version "0.24.0"
  resolved "https://registry.yarnpkg.com/esbuild/-/esbuild-0.24.0.tgz#f2d470596885fcb2e91c21eb3da3b3c89c0b55e7"
  integrity sha512-FuLPevChGDshgSicjisSooU0cemp/sGXR841D5LHMB7mTVOmsEHcAxaH3irL53+8YDIeVNQEySh4DaYU/iuPqQ==
  optionalDependencies:
    "@esbuild/aix-ppc64" "0.24.0"
    "@esbuild/android-arm" "0.24.0"
    "@esbuild/android-arm64" "0.24.0"
    "@esbuild/android-x64" "0.24.0"
    "@esbuild/darwin-arm64" "0.24.0"
    "@esbuild/darwin-x64" "0.24.0"
    "@esbuild/freebsd-arm64" "0.24.0"
    "@esbuild/freebsd-x64" "0.24.0"
    "@esbuild/linux-arm" "0.24.0"
    "@esbuild/linux-arm64" "0.24.0"
    "@esbuild/linux-ia32" "0.24.0"
    "@esbuild/linux-loong64" "0.24.0"
    "@esbuild/linux-mips64el" "0.24.0"
    "@esbuild/linux-ppc64" "0.24.0"
    "@esbuild/linux-riscv64" "0.24.0"
    "@esbuild/linux-s390x" "0.24.0"
    "@esbuild/linux-x64" "0.24.0"
    "@esbuild/netbsd-x64" "0.24.0"
    "@esbuild/openbsd-arm64" "0.24.0"
    "@esbuild/openbsd-x64" "0.24.0"
    "@esbuild/sunos-x64" "0.24.0"
    "@esbuild/win32-arm64" "0.24.0"
    "@esbuild/win32-ia32" "0.24.0"
    "@esbuild/win32-x64" "0.24.0"

fill-range@^7.1.1:
  version "7.1.1"
  resolved "https://registry.yarnpkg.com/fill-range/-/fill-range-7.1.1.tgz#44265d3cac07e3ea7dc247516380643754a05292"
  integrity sha512-YsGpe3WHLK8ZYi4tWDg2Jy3ebRz2rXowDxnld4bkQB00cc/1Zw9AWnC0i9ztDJitivtQvaI9KaLyKrc+hBW0yg==
  dependencies:
    to-regex-range "^5.0.1"

fsevents@~2.3.2:
  version "2.3.2"
  resolved "https://registry.yarnpkg.com/fsevents/-/fsevents-2.3.2.tgz#8a526f78b8fdf4623b709e0b975c52c24c02fd1a"
  integrity sha512-xiqMQR4xAeHTuB9uWm+fFRcIOgKBMiOBP+eXiyT7jsgVCq1bkVygt00oASowB7EdtpOHaaPgKt812P9ab+DDKA==

fsevents@~2.3.3:
  version "2.3.3"
  resolved "https://registry.yarnpkg.com/fsevents/-/fsevents-2.3.3.tgz#cac6407785d03675a2a5e1a5305c697b347d90d6"
  integrity sha512-5xoDfX+fL7faATnagmWPpbFtwh/R77WmMMqqHGS65C3vvB0YHrgF+B1YmZ3441tMj5n63k0212XNoJwzlhffQw==

highlight.js@^11.11.0:
  version "11.11.0"
  resolved "https://registry.yarnpkg.com/highlight.js/-/highlight.js-11.11.0.tgz#91b15082ca8cdbe22424e0a000449d7d8a5c74c6"
  integrity sha512-6ErL7JlGu2CNFHyRQEuDogOyGPNiqcuWdt4iSSFUPyferNTGlNTPFqeV36Y/XwA4V/TJ8l0sxp6FTnxud/mf8g==

highlightjs-line-numbers.js@^2.9.0:
  version "2.9.0"
  resolved "https://registry.yarnpkg.com/highlightjs-line-numbers.js/-/highlightjs-line-numbers.js-2.9.0.tgz#82ed21889e3087f3f08cb4d32f87e2e165b2df7c"
  integrity sha512-hMYK5VU+Qi0HmkkdZxamV71ALu9Hq2icQk2WP8OX5q7IPMilSv47ILlJu+fBvxAQdhjW6wONnSQeypsbeRM7WQ==

immutable@^5.0.2:
  version "5.0.3"
  resolved "https://registry.yarnpkg.com/immutable/-/immutable-5.0.3.tgz#aa037e2313ea7b5d400cd9298fa14e404c933db1"
  integrity sha512-P8IdPQHq3lA1xVeBRi5VPqUm5HDgKnx0Ru51wZz5mjxHr5n3RWhjIpOFU7ybkUxfB+5IToy+OLaHYDBIWsv+uw==

is-extglob@^2.1.1:
  version "2.1.1"
  resolved "https://registry.yarnpkg.com/is-extglob/-/is-extglob-2.1.1.tgz#a88c02535791f02ed37c76a1b9ea9773c833f8c2"
  integrity sha512-SbKbANkN603Vi4jEZv49LeVJMn4yGwsbzZworEoyEiutsN3nJYdbO36zfhGJ6QEDpOZIFkDtnq5JRxmvl3jsoQ==

is-glob@^4.0.3:
  version "4.0.3"
  resolved "https://registry.yarnpkg.com/is-glob/-/is-glob-4.0.3.tgz#64f61e42cbbb2eec2071a9dac0b28ba1e65d5084"
  integrity sha512-xelSayHH36ZgE7ZWhli7pW34hNbNl8Ojv5KVmkJD4hBdD3th8Tfk9vYasLM+mXWOZhFkgZfxhLSnrwRr4elSSg==
  dependencies:
    is-extglob "^2.1.1"

is-number@^7.0.0:
  version "7.0.0"
  resolved "https://registry.yarnpkg.com/is-number/-/is-number-7.0.0.tgz#7535345b896734d5f80c4d06c50955527a14f12b"
  integrity sha512-41Cifkg6e8TylSpdtTpeLVMqvSBEVzTttHvERD741+pnZ8ANv0004MRL43QKPDlK9cGvNp6NZWZUBlbGXYxxng==

marked@^15.0.4:
  version "15.0.4"
  resolved "https://registry.yarnpkg.com/marked/-/marked-15.0.4.tgz#864dbf50227b6507646c771c2ef5f0de2924833e"
  integrity sha512-TCHvDqmb3ZJ4PWG7VEGVgtefA5/euFmsIhxtD0XsBxI39gUSKL81mIRFdt0AiNQozUahd4ke98ZdirExd/vSEw==

micromatch@^4.0.5:
  version "4.0.8"
  resolved "https://registry.yarnpkg.com/micromatch/-/micromatch-4.0.8.tgz#d66fa18f3a47076789320b9b1af32bd86d9fa202"
  integrity sha512-PXwfBhYu0hBCPw8Dn0E+WDYb7af3dSLVWKi3HGv84IdF4TyFoC0ysxFd0Goxw7nSv4T/PzEJQxsYsEiFCKo2BA==
  dependencies:
    braces "^3.0.3"
    picomatch "^2.3.1"

nanoid@^3.3.7:
  version "3.3.8"
  resolved "https://registry.yarnpkg.com/nanoid/-/nanoid-3.3.8.tgz#b1be3030bee36aaff18bacb375e5cce521684baf"
  integrity sha512-WNLf5Sd8oZxOm+TzppcYk8gVOgP+l58xNy58D0nbUnOxOWRWvlcCV4kUF7ltmI6PsrLl/BgKEyS4mqsGChFN0w==

node-addon-api@^7.0.0:
  version "7.1.1"
  resolved "https://registry.yarnpkg.com/node-addon-api/-/node-addon-api-7.1.1.tgz#1aba6693b0f255258a049d621329329322aad558"
  integrity sha512-5m3bsyrjFWE1xf7nz7YXdN4udnVtXK6/Yfgn5qnahL6bCkf2yKt4k3nuTKAtT4r3IG8JNR2ncsIMdZuAzJjHQQ==

picocolors@^1.1.1:
  version "1.1.1"
  resolved "https://registry.yarnpkg.com/picocolors/-/picocolors-1.1.1.tgz#3d321af3eab939b083c8f929a1d12cda81c26b6b"
  integrity sha512-xceH2snhtb5M9liqDsmEw56le376mTZkEX/jEb/RxNFyegNul7eNslCXP9FDj/Lcu0X8KEyMceP2ntpaHrDEVA==

picomatch@^2.3.1:
  version "2.3.1"
  resolved "https://registry.yarnpkg.com/picomatch/-/picomatch-2.3.1.tgz#3ba3833733646d9d3e4995946c1365a67fb07a42"
  integrity sha512-JU3teHTNjmE2VCGFzuY8EXzCDVwEqB2a8fsIvwaStHhAWJEeVd1o1QD80CU6+ZdEXXSLbSsuLwJjkCBWqRQUVA==

postcss@^8.4.49:
  version "8.4.49"
  resolved "https://registry.yarnpkg.com/postcss/-/postcss-8.4.49.tgz#4ea479048ab059ab3ae61d082190fabfd994fe19"
  integrity sha512-OCVPnIObs4N29kxTjzLfUryOkvZEq+pf8jTF0lg8E7uETuWHA+v7j3c/xJmiqpX450191LlmZfUKkXxkTry7nA==
  dependencies:
    nanoid "^3.3.7"
    picocolors "^1.1.1"
    source-map-js "^1.2.1"

readdirp@^4.0.1:
  version "4.0.1"
  resolved "https://registry.yarnpkg.com/readdirp/-/readdirp-4.0.1.tgz#b2fe35f8dca63183cd3b86883ecc8f720ea96ae6"
  integrity sha512-GkMg9uOTpIWWKbSsgwb5fA4EavTR+SG/PMPoAY8hkhHfEEY0/vqljY+XHqtDf2cr2IJtoNRDbrrEpZUiZCkYRw==

rollup@^4.23.0:
  version "4.28.1"
  resolved "https://registry.yarnpkg.com/rollup/-/rollup-4.28.1.tgz#7718ba34d62b449dfc49adbfd2f312b4fe0df4de"
  integrity sha512-61fXYl/qNVinKmGSTHAZ6Yy8I3YIJC/r2m9feHo6SwVAVcLT5MPwOUFe7EuURA/4m0NR8lXG4BBXuo/IZEsjMg==
  dependencies:
    "@types/estree" "1.0.6"
  optionalDependencies:
    "@rollup/rollup-android-arm-eabi" "4.28.1"
    "@rollup/rollup-android-arm64" "4.28.1"
    "@rollup/rollup-darwin-arm64" "4.28.1"
    "@rollup/rollup-darwin-x64" "4.28.1"
    "@rollup/rollup-freebsd-arm64" "4.28.1"
    "@rollup/rollup-freebsd-x64" "4.28.1"
    "@rollup/rollup-linux-arm-gnueabihf" "4.28.1"
    "@rollup/rollup-linux-arm-musleabihf" "4.28.1"
    "@rollup/rollup-linux-arm64-gnu" "4.28.1"
    "@rollup/rollup-linux-arm64-musl" "4.28.1"
    "@rollup/rollup-linux-loongarch64-gnu" "4.28.1"
    "@rollup/rollup-linux-powerpc64le-gnu" "4.28.1"
    "@rollup/rollup-linux-riscv64-gnu" "4.28.1"
    "@rollup/rollup-linux-s390x-gnu" "4.28.1"
    "@rollup/rollup-linux-x64-gnu" "4.28.1"
    "@rollup/rollup-linux-x64-musl" "4.28.1"
    "@rollup/rollup-win32-arm64-msvc" "4.28.1"
    "@rollup/rollup-win32-ia32-msvc" "4.28.1"
    "@rollup/rollup-win32-x64-msvc" "4.28.1"
    fsevents "~2.3.2"

sass@^1.83.0:
  version "1.83.0"
  resolved "https://registry.yarnpkg.com/sass/-/sass-1.83.0.tgz#e36842c0b88a94ed336fd16249b878a0541d536f"
  integrity sha512-qsSxlayzoOjdvXMVLkzF84DJFc2HZEL/rFyGIKbbilYtAvlCxyuzUeff9LawTn4btVnLKg75Z8MMr1lxU1lfGw==
  dependencies:
    chokidar "^4.0.0"
    immutable "^5.0.2"
    source-map-js ">=0.6.2 <2.0.0"
  optionalDependencies:
    "@parcel/watcher" "^2.4.1"

"source-map-js@>=0.6.2 <2.0.0":
  version "1.0.2"
  resolved "https://registry.yarnpkg.com/source-map-js/-/source-map-js-1.0.2.tgz#adbc361d9c62df380125e7f161f71c826f1e490c"
  integrity sha512-R0XvVJ9WusLiqTCEiGCmICCMplcCkIwwR11mOSD9CR5u+IXYdiseeEuXCVAjS54zqwkLcPNnmU4OeJ6tUrWhDw==

source-map-js@^1.2.1:
  version "1.2.1"
  resolved "https://registry.yarnpkg.com/source-map-js/-/source-map-js-1.2.1.tgz#1ce5650fddd87abc099eda37dcff024c2667ae46"
  integrity sha512-UXWMKhLOwVKb728IUtQPXxfYU+usdybtUrK/8uGE8CQMvrhOpwvzDBwj0QhSL7MQc7vIsISBG8VQ8+IDQxpfQA==

to-regex-range@^5.0.1:
  version "5.0.1"
  resolved "https://registry.yarnpkg.com/to-regex-range/-/to-regex-range-5.0.1.tgz#1648c44aae7c8d988a326018ed72f5b4dd0392e4"
  integrity sha512-65P7iz6X5yEr1cwcgvQxbbIw7Uk3gOy5dIdtZ4rDveLqhrdJP+Li/Hx6tyK0NEb+2GCyneCMJiGqrADCSNk8sQ==
  dependencies:
    is-number "^7.0.0"

vite@^6.0.4:
  version "6.0.4"
  resolved "https://registry.yarnpkg.com/vite/-/vite-6.0.4.tgz#fe7cfaedff7c701d5582be5c4ed6a2150538ea9d"
  integrity sha512-zwlH6ar+6o6b4Wp+ydhtIKLrGM/LoqZzcdVmkGAFun0KHTzIzjh+h0kungEx7KJg/PYnC80I4TII9WkjciSR6Q==
  dependencies:
    esbuild "^0.24.0"
    postcss "^8.4.49"
    rollup "^4.23.0"
  optionalDependencies:
    fsevents "~2.3.3"
